// !$*UTF8*$!
{
	archiveVersion = 1;
	classes = {
	};
	objectVersion = 56;
	objects = {

/* Begin PBXBuildFile section */
		A45A898B2C0DE0FF0015A0A4 /* ProductModel.swift in Sources */ = {isa = PBXBuildFile; fileRef = A45A898A2C0DE0FF0015A0A4 /* ProductModel.swift */; };
		A45A898D2C0DEF0B0015A0A4 /* UIKitExtension.swift in Sources */ = {isa = PBXBuildFile; fileRef = A45A898C2C0DEF0B0015A0A4 /* UIKitExtension.swift */; };
		A45A898F2C0E33160015A0A4 /* TypeModel.swift in Sources */ = {isa = PBXBuildFile; fileRef = A45A898E2C0E33160015A0A4 /* TypeModel.swift */; };
		A45A89912C0E46170015A0A4 /* ProductDetailView.swift in Sources */ = {isa = PBXBuildFile; fileRef = A45A89902C0E46170015A0A4 /* ProductDetailView.swift */; };
		A45A89932C0E54B30015A0A4 /* ProductDetailViewModel.swift in Sources */ = {isa = PBXBuildFile; fileRef = A45A89922C0E54B30015A0A4 /* ProductDetailViewModel.swift */; };
		A45A89952C0E56540015A0A4 /* NutritionModel.swift in Sources */ = {isa = PBXBuildFile; fileRef = A45A89942C0E56540015A0A4 /* NutritionModel.swift */; };
		A45A89972C0E58250015A0A4 /* ImageModel.swift in Sources */ = {isa = PBXBuildFile; fileRef = A45A89962C0E58250015A0A4 /* ImageModel.swift */; };
		A45CAEFC2C0C6DC40076A99C /* UserModel.swift in Sources */ = {isa = PBXBuildFile; fileRef = A45CAEFB2C0C6DC40076A99C /* UserModel.swift */; };
		A45CAEFE2C0C9D830076A99C /* GoogleService-Info.plist in Resources */ = {isa = PBXBuildFile; fileRef = A45CAEFD2C0C9D830076A99C /* GoogleService-Info.plist */; };
		A45CAF132C0D03070076A99C /* AuthViewModel.swift in Sources */ = {isa = PBXBuildFile; fileRef = A45CAF122C0D03060076A99C /* AuthViewModel.swift */; };
		A45CAF152C0D1E560076A99C /* AuthSelectionView.swift in Sources */ = {isa = PBXBuildFile; fileRef = A45CAF142C0D1E560076A99C /* AuthSelectionView.swift */; };
		A45CAF172C0D20810076A99C /* MainView.swift in Sources */ = {isa = PBXBuildFile; fileRef = A45CAF162C0D20810076A99C /* MainView.swift */; };
		A45CE2872C0A4B080084FD80 /* TabButton.swift in Sources */ = {isa = PBXBuildFile; fileRef = A45CE2862C0A4B080084FD80 /* TabButton.swift */; };
		A45CE2892C0A6BC00084FD80 /* SearchTextFild.swift in Sources */ = {isa = PBXBuildFile; fileRef = A45CE2882C0A6BC00084FD80 /* SearchTextFild.swift */; };
		A466424A2C0335820025096A /* FoodDeliveryAppApp.swift in Sources */ = {isa = PBXBuildFile; fileRef = A46642492C0335820025096A /* FoodDeliveryAppApp.swift */; };
		A466424E2C0335830025096A /* Assets.xcassets in Resources */ = {isa = PBXBuildFile; fileRef = A466424D2C0335830025096A /* Assets.xcassets */; };
		A46642512C0335830025096A /* Preview Assets.xcassets in Resources */ = {isa = PBXBuildFile; fileRef = A46642502C0335830025096A /* Preview Assets.xcassets */; };
		A466425E2C03501A0025096A /* WelcomeView.swift in Sources */ = {isa = PBXBuildFile; fileRef = A466425D2C03501A0025096A /* WelcomeView.swift */; };
		A46642602C037D5E0025096A /* UIExtension.swift in Sources */ = {isa = PBXBuildFile; fileRef = A466425F2C037D5E0025096A /* UIExtension.swift */; };
		A46642622C03BE1B0025096A /* StartedButton.swift in Sources */ = {isa = PBXBuildFile; fileRef = A46642612C03BE1B0025096A /* StartedButton.swift */; };
		A46739B22C09192D00AA4BDE /* HomeViewModel.swift in Sources */ = {isa = PBXBuildFile; fileRef = A46739B12C09192D00AA4BDE /* HomeViewModel.swift */; };
		A46739B42C091A3900AA4BDE /* MainViewModel.swift in Sources */ = {isa = PBXBuildFile; fileRef = A46739B32C091A3900AA4BDE /* MainViewModel.swift */; };
		A46739B72C091AB800AA4BDE /* MainTabView.swift in Sources */ = {isa = PBXBuildFile; fileRef = A46739B62C091AB800AA4BDE /* MainTabView.swift */; };
		A46739BA2C091D4F00AA4BDE /* HomeView.swift in Sources */ = {isa = PBXBuildFile; fileRef = A46739B92C091D4F00AA4BDE /* HomeView.swift */; };
		A46739BD2C091F4600AA4BDE /* ExploreView.swift in Sources */ = {isa = PBXBuildFile; fileRef = A46739BC2C091F4600AA4BDE /* ExploreView.swift */; };
		A46CFE3E2C0B48A700BF88DD /* HorizontalScrollMenu.swift in Sources */ = {isa = PBXBuildFile; fileRef = A46CFE3D2C0B48A700BF88DD /* HorizontalScrollMenu.swift */; };
		A46CFE402C0B6EA700BF88DD /* SectionTitleAll.swift in Sources */ = {isa = PBXBuildFile; fileRef = A46CFE3F2C0B6EA700BF88DD /* SectionTitleAll.swift */; };
		A46CFE422C0B90B500BF88DD /* ProductCell.swift in Sources */ = {isa = PBXBuildFile; fileRef = A46CFE412C0B90B500BF88DD /* ProductCell.swift */; };
		A46CFE442C0BD6B600BF88DD /* CartButton.swift in Sources */ = {isa = PBXBuildFile; fileRef = A46CFE432C0BD6B600BF88DD /* CartButton.swift */; };
		A499C50E2C03C7B500F5F371 /* SignInView.swift in Sources */ = {isa = PBXBuildFile; fileRef = A499C50D2C03C7B500F5F371 /* SignInView.swift */; };
		A499C5112C0520CA00F5F371 /* AlfaSlabOne-Regular.ttf in Resources */ = {isa = PBXBuildFile; fileRef = A499C50F2C0520CA00F5F371 /* AlfaSlabOne-Regular.ttf */; };
		A499C5292C0523D600F5F371 /* FiraSans-Bold.ttf in Resources */ = {isa = PBXBuildFile; fileRef = A499C5162C0523D500F5F371 /* FiraSans-Bold.ttf */; };
		A499C52B2C0523D600F5F371 /* FiraSans-SemiBold.ttf in Resources */ = {isa = PBXBuildFile; fileRef = A499C5182C0523D500F5F371 /* FiraSans-SemiBold.ttf */; };
		A499C52E2C0523D600F5F371 /* FiraSans-Thin.ttf in Resources */ = {isa = PBXBuildFile; fileRef = A499C51B2C0523D500F5F371 /* FiraSans-Thin.ttf */; };
		A499C5302C0523D600F5F371 /* FiraSans-ExtraLight.ttf in Resources */ = {isa = PBXBuildFile; fileRef = A499C51D2C0523D500F5F371 /* FiraSans-ExtraLight.ttf */; };
		A499C5342C0523D600F5F371 /* FiraSans-ExtraBold.ttf in Resources */ = {isa = PBXBuildFile; fileRef = A499C5212C0523D500F5F371 /* FiraSans-ExtraBold.ttf */; };
		A499C5352C0523D600F5F371 /* FiraSans-Light.ttf in Resources */ = {isa = PBXBuildFile; fileRef = A499C5222C0523D500F5F371 /* FiraSans-Light.ttf */; };
		A499C5372C0523D600F5F371 /* FiraSans-Regular.ttf in Resources */ = {isa = PBXBuildFile; fileRef = A499C5242C0523D600F5F371 /* FiraSans-Regular.ttf */; };
		A499C5382C0523D600F5F371 /* FiraSans-Medium.ttf in Resources */ = {isa = PBXBuildFile; fileRef = A499C5252C0523D600F5F371 /* FiraSans-Medium.ttf */; };
/* End PBXBuildFile section */

/* Begin PBXFileReference section */
		A45A898A2C0DE0FF0015A0A4 /* ProductModel.swift */ = {isa = PBXFileReference; lastKnownFileType = sourcecode.swift; path = ProductModel.swift; sourceTree = "<group>"; };
		A45A898C2C0DEF0B0015A0A4 /* UIKitExtension.swift */ = {isa = PBXFileReference; lastKnownFileType = sourcecode.swift; path = UIKitExtension.swift; sourceTree = "<group>"; };
		A45A898E2C0E33160015A0A4 /* TypeModel.swift */ = {isa = PBXFileReference; lastKnownFileType = sourcecode.swift; path = TypeModel.swift; sourceTree = "<group>"; };
		A45A89902C0E46170015A0A4 /* ProductDetailView.swift */ = {isa = PBXFileReference; lastKnownFileType = sourcecode.swift; path = ProductDetailView.swift; sourceTree = "<group>"; };
		A45A89922C0E54B30015A0A4 /* ProductDetailViewModel.swift */ = {isa = PBXFileReference; lastKnownFileType = sourcecode.swift; path = ProductDetailViewModel.swift; sourceTree = "<group>"; };
		A45A89942C0E56540015A0A4 /* NutritionModel.swift */ = {isa = PBXFileReference; lastKnownFileType = sourcecode.swift; path = NutritionModel.swift; sourceTree = "<group>"; };
		A45A89962C0E58250015A0A4 /* ImageModel.swift */ = {isa = PBXFileReference; lastKnownFileType = sourcecode.swift; path = ImageModel.swift; sourceTree = "<group>"; };
		A45CAEFB2C0C6DC40076A99C /* UserModel.swift */ = {isa = PBXFileReference; lastKnownFileType = sourcecode.swift; path = UserModel.swift; sourceTree = "<group>"; };
		A45CAEFD2C0C9D830076A99C /* GoogleService-Info.plist */ = {isa = PBXFileReference; fileEncoding = 4; lastKnownFileType = text.plist.xml; path = "GoogleService-Info.plist"; sourceTree = "<group>"; };
		A45CAF122C0D03060076A99C /* AuthViewModel.swift */ = {isa = PBXFileReference; lastKnownFileType = sourcecode.swift; path = AuthViewModel.swift; sourceTree = "<group>"; };
		A45CAF142C0D1E560076A99C /* AuthSelectionView.swift */ = {isa = PBXFileReference; lastKnownFileType = sourcecode.swift; path = AuthSelectionView.swift; sourceTree = "<group>"; };
		A45CAF162C0D20810076A99C /* MainView.swift */ = {isa = PBXFileReference; lastKnownFileType = sourcecode.swift; path = MainView.swift; sourceTree = "<group>"; };
		A45CE2862C0A4B080084FD80 /* TabButton.swift */ = {isa = PBXFileReference; lastKnownFileType = sourcecode.swift; path = TabButton.swift; sourceTree = "<group>"; };
		A45CE2882C0A6BC00084FD80 /* SearchTextFild.swift */ = {isa = PBXFileReference; lastKnownFileType = sourcecode.swift; path = SearchTextFild.swift; sourceTree = "<group>"; };
		A46642462C0335820025096A /* FoodDeliveryApp.app */ = {isa = PBXFileReference; explicitFileType = wrapper.application; includeInIndex = 0; path = FoodDeliveryApp.app; sourceTree = BUILT_PRODUCTS_DIR; };
		A46642492C0335820025096A /* FoodDeliveryAppApp.swift */ = {isa = PBXFileReference; lastKnownFileType = sourcecode.swift; path = FoodDeliveryAppApp.swift; sourceTree = "<group>"; };
		A466424D2C0335830025096A /* Assets.xcassets */ = {isa = PBXFileReference; lastKnownFileType = folder.assetcatalog; path = Assets.xcassets; sourceTree = "<group>"; };
		A46642502C0335830025096A /* Preview Assets.xcassets */ = {isa = PBXFileReference; lastKnownFileType = folder.assetcatalog; path = "Preview Assets.xcassets"; sourceTree = "<group>"; };
		A466425D2C03501A0025096A /* WelcomeView.swift */ = {isa = PBXFileReference; lastKnownFileType = sourcecode.swift; path = WelcomeView.swift; sourceTree = "<group>"; };
		A466425F2C037D5E0025096A /* UIExtension.swift */ = {isa = PBXFileReference; lastKnownFileType = sourcecode.swift; path = UIExtension.swift; sourceTree = "<group>"; };
		A46642612C03BE1B0025096A /* StartedButton.swift */ = {isa = PBXFileReference; lastKnownFileType = sourcecode.swift; path = StartedButton.swift; sourceTree = "<group>"; };
		A46739B12C09192D00AA4BDE /* HomeViewModel.swift */ = {isa = PBXFileReference; lastKnownFileType = sourcecode.swift; path = HomeViewModel.swift; sourceTree = "<group>"; };
		A46739B32C091A3900AA4BDE /* MainViewModel.swift */ = {isa = PBXFileReference; lastKnownFileType = sourcecode.swift; path = MainViewModel.swift; sourceTree = "<group>"; };
		A46739B62C091AB800AA4BDE /* MainTabView.swift */ = {isa = PBXFileReference; lastKnownFileType = sourcecode.swift; path = MainTabView.swift; sourceTree = "<group>"; };
		A46739B92C091D4F00AA4BDE /* HomeView.swift */ = {isa = PBXFileReference; lastKnownFileType = sourcecode.swift; path = HomeView.swift; sourceTree = "<group>"; };
		A46739BC2C091F4600AA4BDE /* ExploreView.swift */ = {isa = PBXFileReference; lastKnownFileType = sourcecode.swift; path = ExploreView.swift; sourceTree = "<group>"; };
		A46CFE3D2C0B48A700BF88DD /* HorizontalScrollMenu.swift */ = {isa = PBXFileReference; lastKnownFileType = sourcecode.swift; path = HorizontalScrollMenu.swift; sourceTree = "<group>"; };
		A46CFE3F2C0B6EA700BF88DD /* SectionTitleAll.swift */ = {isa = PBXFileReference; lastKnownFileType = sourcecode.swift; path = SectionTitleAll.swift; sourceTree = "<group>"; };
		A46CFE412C0B90B500BF88DD /* ProductCell.swift */ = {isa = PBXFileReference; lastKnownFileType = sourcecode.swift; path = ProductCell.swift; sourceTree = "<group>"; };
		A46CFE432C0BD6B600BF88DD /* CartButton.swift */ = {isa = PBXFileReference; lastKnownFileType = sourcecode.swift; path = CartButton.swift; sourceTree = "<group>"; };
		A499C50D2C03C7B500F5F371 /* SignInView.swift */ = {isa = PBXFileReference; lastKnownFileType = sourcecode.swift; path = SignInView.swift; sourceTree = "<group>"; };
		A499C50F2C0520CA00F5F371 /* AlfaSlabOne-Regular.ttf */ = {isa = PBXFileReference; lastKnownFileType = file; path = "AlfaSlabOne-Regular.ttf"; sourceTree = "<group>"; };
		A499C5162C0523D500F5F371 /* FiraSans-Bold.ttf */ = {isa = PBXFileReference; lastKnownFileType = file; path = "FiraSans-Bold.ttf"; sourceTree = "<group>"; };
		A499C5182C0523D500F5F371 /* FiraSans-SemiBold.ttf */ = {isa = PBXFileReference; lastKnownFileType = file; path = "FiraSans-SemiBold.ttf"; sourceTree = "<group>"; };
		A499C51B2C0523D500F5F371 /* FiraSans-Thin.ttf */ = {isa = PBXFileReference; lastKnownFileType = file; path = "FiraSans-Thin.ttf"; sourceTree = "<group>"; };
		A499C51D2C0523D500F5F371 /* FiraSans-ExtraLight.ttf */ = {isa = PBXFileReference; lastKnownFileType = file; path = "FiraSans-ExtraLight.ttf"; sourceTree = "<group>"; };
		A499C5212C0523D500F5F371 /* FiraSans-ExtraBold.ttf */ = {isa = PBXFileReference; lastKnownFileType = file; path = "FiraSans-ExtraBold.ttf"; sourceTree = "<group>"; };
		A499C5222C0523D500F5F371 /* FiraSans-Light.ttf */ = {isa = PBXFileReference; lastKnownFileType = file; path = "FiraSans-Light.ttf"; sourceTree = "<group>"; };
		A499C5242C0523D600F5F371 /* FiraSans-Regular.ttf */ = {isa = PBXFileReference; lastKnownFileType = file; path = "FiraSans-Regular.ttf"; sourceTree = "<group>"; };
		A499C5252C0523D600F5F371 /* FiraSans-Medium.ttf */ = {isa = PBXFileReference; lastKnownFileType = file; path = "FiraSans-Medium.ttf"; sourceTree = "<group>"; };
		A499C53E2C05333100F5F371 /* Info.plist */ = {isa = PBXFileReference; lastKnownFileType = text.plist; path = Info.plist; sourceTree = "<group>"; };
/* End PBXFileReference section */

/* Begin PBXFrameworksBuildPhase section */
		A46642432C0335820025096A /* Frameworks */ = {
			isa = PBXFrameworksBuildPhase;
			buildActionMask = 2147483647;
			files = (
			);
			runOnlyForDeploymentPostprocessing = 0;
		};
/* End PBXFrameworksBuildPhase section */

/* Begin PBXGroup section */
		A45CAF0A2C0CEBB70076A99C /* Frameworks */ = {
			isa = PBXGroup;
			children = (
			);
			name = Frameworks;
			sourceTree = "<group>";
		};
		A45CAF0D2C0CFF530076A99C /* Test */ = {
			isa = PBXGroup;
			children = (
			);
			path = Test;
			sourceTree = "<group>";
		};
		A466423D2C0335820025096A = {
			isa = PBXGroup;
			children = (
				A46642482C0335820025096A /* FoodDeliveryApp */,
				A46642472C0335820025096A /* Products */,
				A45CAF0A2C0CEBB70076A99C /* Frameworks */,
			);
			sourceTree = "<group>";
		};
		A46642472C0335820025096A /* Products */ = {
			isa = PBXGroup;
			children = (
				A46642462C0335820025096A /* FoodDeliveryApp.app */,
			);
			name = Products;
			sourceTree = "<group>";
		};
		A46642482C0335820025096A /* FoodDeliveryApp */ = {
			isa = PBXGroup;
			children = (
				A45CAF0D2C0CFF530076A99C /* Test */,
				A45CAEFD2C0C9D830076A99C /* GoogleService-Info.plist */,
				A499C53E2C05333100F5F371 /* Info.plist */,
				A466425C2C033A7A0025096A /* ViewModel */,
				A466425B2C033A5D0025096A /* Views */,
				A466425A2C033A410025096A /* Model */,
				A46642582C0339D70025096A /* UICommon */,
				A46642572C0339C30025096A /* Fonts */,
				A46642492C0335820025096A /* FoodDeliveryAppApp.swift */,
				A466424D2C0335830025096A /* Assets.xcassets */,
				A466424F2C0335830025096A /* Preview Content */,
			);
			path = FoodDeliveryApp;
			sourceTree = "<group>";
		};
		A466424F2C0335830025096A /* Preview Content */ = {
			isa = PBXGroup;
			children = (
				A46642502C0335830025096A /* Preview Assets.xcassets */,
			);
			path = "Preview Content";
			sourceTree = "<group>";
		};
		A46642572C0339C30025096A /* Fonts */ = {
			isa = PBXGroup;
			children = (
				A499C53A2C05247900F5F371 /* Fira_Sans */,
				A499C5132C0520E200F5F371 /* Alfa_Slab_One */,
			);
			path = Fonts;
			sourceTree = "<group>";
		};
		A46642582C0339D70025096A /* UICommon */ = {
			isa = PBXGroup;
			children = (
				A466425F2C037D5E0025096A /* UIExtension.swift */,
				A45CE2882C0A6BC00084FD80 /* SearchTextFild.swift */,
				A45A898C2C0DEF0B0015A0A4 /* UIKitExtension.swift */,
			);
			path = UICommon;
			sourceTree = "<group>";
		};
		A46642592C033A210025096A /* Login */ = {
			isa = PBXGroup;
			children = (
				A466425D2C03501A0025096A /* WelcomeView.swift */,
				A499C50D2C03C7B500F5F371 /* SignInView.swift */,
				A46642612C03BE1B0025096A /* StartedButton.swift */,
				A45CAF142C0D1E560076A99C /* AuthSelectionView.swift */,
			);
			path = Login;
			sourceTree = "<group>";
		};
		A466425A2C033A410025096A /* Model */ = {
			isa = PBXGroup;
			children = (
				A45CAEFB2C0C6DC40076A99C /* UserModel.swift */,
				A45A898A2C0DE0FF0015A0A4 /* ProductModel.swift */,
				A45A898E2C0E33160015A0A4 /* TypeModel.swift */,
				A45A89942C0E56540015A0A4 /* NutritionModel.swift */,
				A45A89962C0E58250015A0A4 /* ImageModel.swift */,
			);
			path = Model;
			sourceTree = "<group>";
		};
		A466425B2C033A5D0025096A /* Views */ = {
			isa = PBXGroup;
			children = (
				A46739BB2C091F1500AA4BDE /* Explore */,
				A46739B82C091D2200AA4BDE /* Home */,
				A46739B52C091A6400AA4BDE /* MainTab */,
				A46642592C033A210025096A /* Login */,
				A45CAF162C0D20810076A99C /* MainView.swift */,
			);
			path = Views;
			sourceTree = "<group>";
		};
		A466425C2C033A7A0025096A /* ViewModel */ = {
			isa = PBXGroup;
			children = (
				A46739B12C09192D00AA4BDE /* HomeViewModel.swift */,
				A46739B32C091A3900AA4BDE /* MainViewModel.swift */,
				A45CAF122C0D03060076A99C /* AuthViewModel.swift */,
				A45A89922C0E54B30015A0A4 /* ProductDetailViewModel.swift */,
			);
			path = ViewModel;
			sourceTree = "<group>";
		};
		A46739B52C091A6400AA4BDE /* MainTab */ = {
			isa = PBXGroup;
			children = (
				A46739B62C091AB800AA4BDE /* MainTabView.swift */,
				A45CE2862C0A4B080084FD80 /* TabButton.swift */,
			);
			path = MainTab;
			sourceTree = "<group>";
		};
		A46739B82C091D2200AA4BDE /* Home */ = {
			isa = PBXGroup;
			children = (
				A46739B92C091D4F00AA4BDE /* HomeView.swift */,
				A46CFE3D2C0B48A700BF88DD /* HorizontalScrollMenu.swift */,
				A46CFE3F2C0B6EA700BF88DD /* SectionTitleAll.swift */,
				A46CFE412C0B90B500BF88DD /* ProductCell.swift */,
				A46CFE432C0BD6B600BF88DD /* CartButton.swift */,
				A45A89902C0E46170015A0A4 /* ProductDetailView.swift */,
			);
			path = Home;
			sourceTree = "<group>";
		};
		A46739BB2C091F1500AA4BDE /* Explore */ = {
			isa = PBXGroup;
			children = (
				A46739BC2C091F4600AA4BDE /* ExploreView.swift */,
			);
			path = Explore;
			sourceTree = "<group>";
		};
		A499C5132C0520E200F5F371 /* Alfa_Slab_One */ = {
			isa = PBXGroup;
			children = (
				A499C50F2C0520CA00F5F371 /* AlfaSlabOne-Regular.ttf */,
			);
			path = Alfa_Slab_One;
			sourceTree = "<group>";
		};
		A499C53A2C05247900F5F371 /* Fira_Sans */ = {
			isa = PBXGroup;
			children = (
				A499C5162C0523D500F5F371 /* FiraSans-Bold.ttf */,
				A499C5212C0523D500F5F371 /* FiraSans-ExtraBold.ttf */,
				A499C51D2C0523D500F5F371 /* FiraSans-ExtraLight.ttf */,
				A499C5222C0523D500F5F371 /* FiraSans-Light.ttf */,
				A499C5252C0523D600F5F371 /* FiraSans-Medium.ttf */,
				A499C5242C0523D600F5F371 /* FiraSans-Regular.ttf */,
				A499C5182C0523D500F5F371 /* FiraSans-SemiBold.ttf */,
				A499C51B2C0523D500F5F371 /* FiraSans-Thin.ttf */,
			);
			path = Fira_Sans;
			sourceTree = "<group>";
		};
/* End PBXGroup section */

/* Begin PBXNativeTarget section */
		A46642452C0335820025096A /* FoodDeliveryApp */ = {
			isa = PBXNativeTarget;
			buildConfigurationList = A46642542C0335830025096A /* Build configuration list for PBXNativeTarget "FoodDeliveryApp" */;
			buildPhases = (
				A46642422C0335820025096A /* Sources */,
				A46642432C0335820025096A /* Frameworks */,
				A46642442C0335820025096A /* Resources */,
			);
			buildRules = (
			);
			dependencies = (
			);
			name = FoodDeliveryApp;
			packageProductDependencies = (
			);
			productName = FoodDeliveryApp;
			productReference = A46642462C0335820025096A /* FoodDeliveryApp.app */;
			productType = "com.apple.product-type.application";
		};
/* End PBXNativeTarget section */

/* Begin PBXProject section */
		A466423E2C0335820025096A /* Project object */ = {
			isa = PBXProject;
			attributes = {
				BuildIndependentTargetsInParallel = 1;
				LastSwiftUpdateCheck = 1530;
				LastUpgradeCheck = 1530;
				TargetAttributes = {
					A46642452C0335820025096A = {
						CreatedOnToolsVersion = 15.3;
					};
				};
			};
			buildConfigurationList = A46642412C0335820025096A /* Build configuration list for PBXProject "FoodDeliveryApp" */;
			compatibilityVersion = "Xcode 14.0";
			developmentRegion = en;
			hasScannedForEncodings = 0;
			knownRegions = (
				en,
				Base,
			);
			mainGroup = A466423D2C0335820025096A;
			packageReferences = (
				A45CAEFF2C0CADA20076A99C /* XCRemoteSwiftPackageReference "firebase-ios-sdk" */,
				A45CAF042C0CB1830076A99C /* XCRemoteSwiftPackageReference "FlagPhoneNumber" */,
				A45CAF072C0CD5B20076A99C /* XCRemoteSwiftPackageReference "cocoapods-generate" */,
				A45CAF452C0D39B70076A99C /* XCRemoteSwiftPackageReference "FirebaseUI-iOS" */,
			);
			productRefGroup = A46642472C0335820025096A /* Products */;
			projectDirPath = "";
			projectRoot = "";
			targets = (
				A46642452C0335820025096A /* FoodDeliveryApp */,
			);
		};
/* End PBXProject section */

/* Begin PBXResourcesBuildPhase section */
		A46642442C0335820025096A /* Resources */ = {
			isa = PBXResourcesBuildPhase;
			buildActionMask = 2147483647;
			files = (
				A499C5112C0520CA00F5F371 /* AlfaSlabOne-Regular.ttf in Resources */,
				A499C5302C0523D600F5F371 /* FiraSans-ExtraLight.ttf in Resources */,
				A46642512C0335830025096A /* Preview Assets.xcassets in Resources */,
				A499C5352C0523D600F5F371 /* FiraSans-Light.ttf in Resources */,
				A499C5342C0523D600F5F371 /* FiraSans-ExtraBold.ttf in Resources */,
				A45CAEFE2C0C9D830076A99C /* GoogleService-Info.plist in Resources */,
				A499C52B2C0523D600F5F371 /* FiraSans-SemiBold.ttf in Resources */,
				A499C52E2C0523D600F5F371 /* FiraSans-Thin.ttf in Resources */,
				A499C5372C0523D600F5F371 /* FiraSans-Regular.ttf in Resources */,
				A499C5292C0523D600F5F371 /* FiraSans-Bold.ttf in Resources */,
				A499C5382C0523D600F5F371 /* FiraSans-Medium.ttf in Resources */,
				A466424E2C0335830025096A /* Assets.xcassets in Resources */,
			);
			runOnlyForDeploymentPostprocessing = 0;
		};
/* End PBXResourcesBuildPhase section */

/* Begin PBXSourcesBuildPhase section */
		A46642422C0335820025096A /* Sources */ = {
			isa = PBXSourcesBuildPhase;
			buildActionMask = 2147483647;
			files = (
				A46739BA2C091D4F00AA4BDE /* HomeView.swift in Sources */,
				A46CFE442C0BD6B600BF88DD /* CartButton.swift in Sources */,
				A45CAF152C0D1E560076A99C /* AuthSelectionView.swift in Sources */,
				A46739B42C091A3900AA4BDE /* MainViewModel.swift in Sources */,
				A499C50E2C03C7B500F5F371 /* SignInView.swift in Sources */,
				A46739B22C09192D00AA4BDE /* HomeViewModel.swift in Sources */,
				A46739B72C091AB800AA4BDE /* MainTabView.swift in Sources */,
				A45CAF132C0D03070076A99C /* AuthViewModel.swift in Sources */,
				A46642622C03BE1B0025096A /* StartedButton.swift in Sources */,
				A46739BD2C091F4600AA4BDE /* ExploreView.swift in Sources */,
				A45CAEFC2C0C6DC40076A99C /* UserModel.swift in Sources */,
				A466425E2C03501A0025096A /* WelcomeView.swift in Sources */,
				A46CFE402C0B6EA700BF88DD /* SectionTitleAll.swift in Sources */,
				A45CAF172C0D20810076A99C /* MainView.swift in Sources */,
				A45CE2872C0A4B080084FD80 /* TabButton.swift in Sources */,
				A46CFE3E2C0B48A700BF88DD /* HorizontalScrollMenu.swift in Sources */,
				A45A89952C0E56540015A0A4 /* NutritionModel.swift in Sources */,
				A45CE2892C0A6BC00084FD80 /* SearchTextFild.swift in Sources */,
				A45A89912C0E46170015A0A4 /* ProductDetailView.swift in Sources */,
				A46CFE422C0B90B500BF88DD /* ProductCell.swift in Sources */,
				A466424A2C0335820025096A /* FoodDeliveryAppApp.swift in Sources */,
				A45A898B2C0DE0FF0015A0A4 /* ProductModel.swift in Sources */,
				A45A89972C0E58250015A0A4 /* ImageModel.swift in Sources */,
				A45A898D2C0DEF0B0015A0A4 /* UIKitExtension.swift in Sources */,
				A45A898F2C0E33160015A0A4 /* TypeModel.swift in Sources */,
				A45A89932C0E54B30015A0A4 /* ProductDetailViewModel.swift in Sources */,
				A46642602C037D5E0025096A /* UIExtension.swift in Sources */,
			);
			runOnlyForDeploymentPostprocessing = 0;
		};
/* End PBXSourcesBuildPhase section */

/* Begin XCBuildConfiguration section */
		A46642522C0335830025096A /* Debug */ = {
			isa = XCBuildConfiguration;
			buildSettings = {
				ALWAYS_SEARCH_USER_PATHS = NO;
				ASSETCATALOG_COMPILER_GENERATE_SWIFT_ASSET_SYMBOL_EXTENSIONS = YES;
				CLANG_ANALYZER_NONNULL = YES;
				CLANG_ANALYZER_NUMBER_OBJECT_CONVERSION = YES_AGGRESSIVE;
				CLANG_CXX_LANGUAGE_STANDARD = "gnu++20";
				CLANG_ENABLE_MODULES = YES;
				CLANG_ENABLE_OBJC_ARC = YES;
				CLANG_ENABLE_OBJC_WEAK = YES;
				CLANG_WARN_BLOCK_CAPTURE_AUTORELEASING = YES;
				CLANG_WARN_BOOL_CONVERSION = YES;
				CLANG_WARN_COMMA = YES;
				CLANG_WARN_CONSTANT_CONVERSION = YES;
				CLANG_WARN_DEPRECATED_OBJC_IMPLEMENTATIONS = YES;
				CLANG_WARN_DIRECT_OBJC_ISA_USAGE = YES_ERROR;
				CLANG_WARN_DOCUMENTATION_COMMENTS = YES;
				CLANG_WARN_EMPTY_BODY = YES;
				CLANG_WARN_ENUM_CONVERSION = YES;
				CLANG_WARN_INFINITE_RECURSION = YES;
				CLANG_WARN_INT_CONVERSION = YES;
				CLANG_WARN_NON_LITERAL_NULL_CONVERSION = YES;
				CLANG_WARN_OBJC_IMPLICIT_RETAIN_SELF = YES;
				CLANG_WARN_OBJC_LITERAL_CONVERSION = YES;
				CLANG_WARN_OBJC_ROOT_CLASS = YES_ERROR;
				CLANG_WARN_QUOTED_INCLUDE_IN_FRAMEWORK_HEADER = YES;
				CLANG_WARN_RANGE_LOOP_ANALYSIS = YES;
				CLANG_WARN_STRICT_PROTOTYPES = YES;
				CLANG_WARN_SUSPICIOUS_MOVE = YES;
				CLANG_WARN_UNGUARDED_AVAILABILITY = YES_AGGRESSIVE;
				CLANG_WARN_UNREACHABLE_CODE = YES;
				CLANG_WARN__DUPLICATE_METHOD_MATCH = YES;
				COPY_PHASE_STRIP = NO;
				DEBUG_INFORMATION_FORMAT = dwarf;
				ENABLE_STRICT_OBJC_MSGSEND = YES;
				ENABLE_TESTABILITY = YES;
				ENABLE_USER_SCRIPT_SANDBOXING = YES;
				GCC_C_LANGUAGE_STANDARD = gnu17;
				GCC_DYNAMIC_NO_PIC = NO;
				GCC_NO_COMMON_BLOCKS = YES;
				GCC_OPTIMIZATION_LEVEL = 0;
				GCC_PREPROCESSOR_DEFINITIONS = (
					"DEBUG=1",
					"$(inherited)",
				);
				GCC_WARN_64_TO_32_BIT_CONVERSION = YES;
				GCC_WARN_ABOUT_RETURN_TYPE = YES_ERROR;
				GCC_WARN_UNDECLARED_SELECTOR = YES;
				GCC_WARN_UNINITIALIZED_AUTOS = YES_AGGRESSIVE;
				GCC_WARN_UNUSED_FUNCTION = YES;
				GCC_WARN_UNUSED_VARIABLE = YES;
				IPHONEOS_DEPLOYMENT_TARGET = 17.4;
				LOCALIZATION_PREFERS_STRING_CATALOGS = YES;
				MTL_ENABLE_DEBUG_INFO = INCLUDE_SOURCE;
				MTL_FAST_MATH = YES;
				ONLY_ACTIVE_ARCH = YES;
				SDKROOT = iphoneos;
				SWIFT_ACTIVE_COMPILATION_CONDITIONS = "DEBUG $(inherited)";
				SWIFT_OPTIMIZATION_LEVEL = "-Onone";
			};
			name = Debug;
		};
		A46642532C0335830025096A /* Release */ = {
			isa = XCBuildConfiguration;
			buildSettings = {
				ALWAYS_SEARCH_USER_PATHS = NO;
				ASSETCATALOG_COMPILER_GENERATE_SWIFT_ASSET_SYMBOL_EXTENSIONS = YES;
				CLANG_ANALYZER_NONNULL = YES;
				CLANG_ANALYZER_NUMBER_OBJECT_CONVERSION = YES_AGGRESSIVE;
				CLANG_CXX_LANGUAGE_STANDARD = "gnu++20";
				CLANG_ENABLE_MODULES = YES;
				CLANG_ENABLE_OBJC_ARC = YES;
				CLANG_ENABLE_OBJC_WEAK = YES;
				CLANG_WARN_BLOCK_CAPTURE_AUTORELEASING = YES;
				CLANG_WARN_BOOL_CONVERSION = YES;
				CLANG_WARN_COMMA = YES;
				CLANG_WARN_CONSTANT_CONVERSION = YES;
				CLANG_WARN_DEPRECATED_OBJC_IMPLEMENTATIONS = YES;
				CLANG_WARN_DIRECT_OBJC_ISA_USAGE = YES_ERROR;
				CLANG_WARN_DOCUMENTATION_COMMENTS = YES;
				CLANG_WARN_EMPTY_BODY = YES;
				CLANG_WARN_ENUM_CONVERSION = YES;
				CLANG_WARN_INFINITE_RECURSION = YES;
				CLANG_WARN_INT_CONVERSION = YES;
				CLANG_WARN_NON_LITERAL_NULL_CONVERSION = YES;
				CLANG_WARN_OBJC_IMPLICIT_RETAIN_SELF = YES;
				CLANG_WARN_OBJC_LITERAL_CONVERSION = YES;
				CLANG_WARN_OBJC_ROOT_CLASS = YES_ERROR;
				CLANG_WARN_QUOTED_INCLUDE_IN_FRAMEWORK_HEADER = YES;
				CLANG_WARN_RANGE_LOOP_ANALYSIS = YES;
				CLANG_WARN_STRICT_PROTOTYPES = YES;
				CLANG_WARN_SUSPICIOUS_MOVE = YES;
				CLANG_WARN_UNGUARDED_AVAILABILITY = YES_AGGRESSIVE;
				CLANG_WARN_UNREACHABLE_CODE = YES;
				CLANG_WARN__DUPLICATE_METHOD_MATCH = YES;
				COPY_PHASE_STRIP = NO;
				DEBUG_INFORMATION_FORMAT = "dwarf-with-dsym";
				ENABLE_NS_ASSERTIONS = NO;
				ENABLE_STRICT_OBJC_MSGSEND = YES;
				ENABLE_USER_SCRIPT_SANDBOXING = YES;
				GCC_C_LANGUAGE_STANDARD = gnu17;
				GCC_NO_COMMON_BLOCKS = YES;
				GCC_WARN_64_TO_32_BIT_CONVERSION = YES;
				GCC_WARN_ABOUT_RETURN_TYPE = YES_ERROR;
				GCC_WARN_UNDECLARED_SELECTOR = YES;
				GCC_WARN_UNINITIALIZED_AUTOS = YES_AGGRESSIVE;
				GCC_WARN_UNUSED_FUNCTION = YES;
				GCC_WARN_UNUSED_VARIABLE = YES;
				IPHONEOS_DEPLOYMENT_TARGET = 17.4;
				LOCALIZATION_PREFERS_STRING_CATALOGS = YES;
				MTL_ENABLE_DEBUG_INFO = NO;
				MTL_FAST_MATH = YES;
				SDKROOT = iphoneos;
				SWIFT_COMPILATION_MODE = wholemodule;
				VALIDATE_PRODUCT = YES;
			};
			name = Release;
		};
		A46642552C0335830025096A /* Debug */ = {
			isa = XCBuildConfiguration;
			buildSettings = {
				ASSETCATALOG_COMPILER_APPICON_NAME = AppIcon;
				ASSETCATALOG_COMPILER_GLOBAL_ACCENT_COLOR_NAME = AccentColor;
				CODE_SIGN_STYLE = Automatic;
				CURRENT_PROJECT_VERSION = 1;
				DEVELOPMENT_ASSET_PATHS = "\"FoodDeliveryApp/Preview Content\"";
				DEVELOPMENT_TEAM = A8925CH8U9;
				ENABLE_PREVIEWS = YES;
				GENERATE_INFOPLIST_FILE = YES;
				INFOPLIST_FILE = FoodDeliveryApp/Info.plist;
				INFOPLIST_KEY_UIApplicationSceneManifest_Generation = YES;
				INFOPLIST_KEY_UIApplicationSupportsIndirectInputEvents = YES;
				INFOPLIST_KEY_UILaunchScreen_Generation = YES;
				INFOPLIST_KEY_UISupportedInterfaceOrientations = UIInterfaceOrientationPortrait;
				INFOPLIST_KEY_UISupportedInterfaceOrientations_iPad = "UIInterfaceOrientationLandscapeLeft UIInterfaceOrientationLandscapeRight UIInterfaceOrientationPortrait UIInterfaceOrientationPortraitUpsideDown";
				IPHONEOS_DEPLOYMENT_TARGET = 15.0;
				LD_RUNPATH_SEARCH_PATHS = (
					"$(inherited)",
					"@executable_path/Frameworks",
				);
				MARKETING_VERSION = 1.0;
				PRODUCT_BUNDLE_IDENTIFIER = SafievKhusrav.FoodDeliveryApp;
				PRODUCT_NAME = "$(TARGET_NAME)";
				SUPPORTED_PLATFORMS = "iphoneos iphonesimulator";
				SUPPORTS_MACCATALYST = NO;
				SUPPORTS_MAC_DESIGNED_FOR_IPHONE_IPAD = NO;
				SUPPORTS_XR_DESIGNED_FOR_IPHONE_IPAD = NO;
				SWIFT_EMIT_LOC_STRINGS = YES;
				SWIFT_VERSION = 5.0;
				TARGETED_DEVICE_FAMILY = 1;
			};
			name = Debug;
		};
		A46642562C0335830025096A /* Release */ = {
			isa = XCBuildConfiguration;
			buildSettings = {
				ASSETCATALOG_COMPILER_APPICON_NAME = AppIcon;
				ASSETCATALOG_COMPILER_GLOBAL_ACCENT_COLOR_NAME = AccentColor;
				CODE_SIGN_STYLE = Automatic;
				CURRENT_PROJECT_VERSION = 1;
				DEVELOPMENT_ASSET_PATHS = "\"FoodDeliveryApp/Preview Content\"";
				DEVELOPMENT_TEAM = A8925CH8U9;
				ENABLE_PREVIEWS = YES;
				GENERATE_INFOPLIST_FILE = YES;
				INFOPLIST_FILE = FoodDeliveryApp/Info.plist;
				INFOPLIST_KEY_UIApplicationSceneManifest_Generation = YES;
				INFOPLIST_KEY_UIApplicationSupportsIndirectInputEvents = YES;
				INFOPLIST_KEY_UILaunchScreen_Generation = YES;
				INFOPLIST_KEY_UISupportedInterfaceOrientations = UIInterfaceOrientationPortrait;
				INFOPLIST_KEY_UISupportedInterfaceOrientations_iPad = "UIInterfaceOrientationLandscapeLeft UIInterfaceOrientationLandscapeRight UIInterfaceOrientationPortrait UIInterfaceOrientationPortraitUpsideDown";
				IPHONEOS_DEPLOYMENT_TARGET = 15.0;
				LD_RUNPATH_SEARCH_PATHS = (
					"$(inherited)",
					"@executable_path/Frameworks",
				);
				MARKETING_VERSION = 1.0;
				PRODUCT_BUNDLE_IDENTIFIER = SafievKhusrav.FoodDeliveryApp;
				PRODUCT_NAME = "$(TARGET_NAME)";
				SUPPORTED_PLATFORMS = "iphoneos iphonesimulator";
				SUPPORTS_MACCATALYST = NO;
				SUPPORTS_MAC_DESIGNED_FOR_IPHONE_IPAD = NO;
				SUPPORTS_XR_DESIGNED_FOR_IPHONE_IPAD = NO;
				SWIFT_EMIT_LOC_STRINGS = YES;
				SWIFT_VERSION = 5.0;
				TARGETED_DEVICE_FAMILY = 1;
			};
			name = Release;
		};
/* End XCBuildConfiguration section */

/* Begin XCConfigurationList section */
		A46642412C0335820025096A /* Build configuration list for PBXProject "FoodDeliveryApp" */ = {
			isa = XCConfigurationList;
			buildConfigurations = (
				A46642522C0335830025096A /* Debug */,
				A46642532C0335830025096A /* Release */,
			);
			defaultConfigurationIsVisible = 0;
			defaultConfigurationName = Release;
		};
		A46642542C0335830025096A /* Build configuration list for PBXNativeTarget "FoodDeliveryApp" */ = {
			isa = XCConfigurationList;
			buildConfigurations = (
				A46642552C0335830025096A /* Debug */,
				A46642562C0335830025096A /* Release */,
			);
			defaultConfigurationIsVisible = 0;
			defaultConfigurationName = Release;
		};
/* End XCConfigurationList section */

/* Begin XCRemoteSwiftPackageReference section */
		A45CAEFF2C0CADA20076A99C /* XCRemoteSwiftPackageReference "firebase-ios-sdk" */ = {
			isa = XCRemoteSwiftPackageReference;
			repositoryURL = "https://github.com/firebase/firebase-ios-sdk";
			requirement = {
				kind = upToNextMajorVersion;
				minimumVersion = 10.27.0;
			};
		};
		A45CAF042C0CB1830076A99C /* XCRemoteSwiftPackageReference "FlagPhoneNumber" */ = {
			isa = XCRemoteSwiftPackageReference;
			repositoryURL = "https://github.com/chronotruck/FlagPhoneNumber";
			requirement = {
				kind = upToNextMajorVersion;
				minimumVersion = 0.9.0;
			};
		};
		A45CAF072C0CD5B20076A99C /* XCRemoteSwiftPackageReference "cocoapods-generate" */ = {
			isa = XCRemoteSwiftPackageReference;
			repositoryURL = "https://github.com/square/cocoapods-generate";
			requirement = {
				branch = master;
				kind = branch;
			};
		};
		A45CAF452C0D39B70076A99C /* XCRemoteSwiftPackageReference "FirebaseUI-iOS" */ = {
			isa = XCRemoteSwiftPackageReference;
			repositoryURL = "https://github.com/firebase/FirebaseUI-iOS.git";
			requirement = {
				kind = upToNextMajorVersion;
				minimumVersion = 0.6.1;
			};
		};
/* End XCRemoteSwiftPackageReference section */
	};
	rootObject = A466423E2C0335820025096A /* Project object */;
}
