// !$*UTF8*$!
{
	archiveVersion = 1;
	classes = {
	};
	objectVersion = 56;
	objects = {

/* Begin PBXBuildFile section */
		A44548DA2CA06A3A0077C466 /* AddresRowView.swift in Sources */ = {isa = PBXBuildFile; fileRef = A44548D92CA06A3A0077C466 /* AddresRowView.swift */; };
		A44D35E82C9B7CE0007BD140 /* CardImageView.swift in Sources */ = {isa = PBXBuildFile; fileRef = A44D35E72C9B7CE0007BD140 /* CardImageView.swift */; };
		A44D35EA2C9B840B007BD140 /* MockDataClass.swift in Sources */ = {isa = PBXBuildFile; fileRef = A44D35E92C9B840B007BD140 /* MockDataClass.swift */; };
		A45168A72C998B9E0036D44B /* TopinfoView.swift in Sources */ = {isa = PBXBuildFile; fileRef = A45168A62C998B9E0036D44B /* TopinfoView.swift */; };
		A45168A92C9998670036D44B /* InfoTFView.swift in Sources */ = {isa = PBXBuildFile; fileRef = A45168A82C9998670036D44B /* InfoTFView.swift */; };
		A45168AD2C99A19E0036D44B /* SocialButtonView.swift in Sources */ = {isa = PBXBuildFile; fileRef = A45168AC2C99A19E0036D44B /* SocialButtonView.swift */; };
		A45168AF2C99AE820036D44B /* BackgroundViewGradient.swift in Sources */ = {isa = PBXBuildFile; fileRef = A45168AE2C99AE820036D44B /* BackgroundViewGradient.swift */; };
		A45168B12C99BFB10036D44B /* CodeView.swift in Sources */ = {isa = PBXBuildFile; fileRef = A45168B02C99BFB10036D44B /* CodeView.swift */; };
		A45168B32C99D6750036D44B /* CustomButton.swift in Sources */ = {isa = PBXBuildFile; fileRef = A45168B22C99D6750036D44B /* CustomButton.swift */; };
		A45168B52C99E2090036D44B /* BackButton.swift in Sources */ = {isa = PBXBuildFile; fileRef = A45168B42C99E2090036D44B /* BackButton.swift */; };
		A45168B72C9A1E680036D44B /* TabBarView.swift in Sources */ = {isa = PBXBuildFile; fileRef = A45168B62C9A1E680036D44B /* TabBarView.swift */; };
		A45A898B2C0DE0FF0015A0A4 /* Product.swift in Sources */ = {isa = PBXBuildFile; fileRef = A45A898A2C0DE0FF0015A0A4 /* Product.swift */; };
		A45A898D2C0DEF0B0015A0A4 /* Extension+String.swift in Sources */ = {isa = PBXBuildFile; fileRef = A45A898C2C0DEF0B0015A0A4 /* Extension+String.swift */; };
		A45A898F2C0E33160015A0A4 /* TypeModel.swift in Sources */ = {isa = PBXBuildFile; fileRef = A45A898E2C0E33160015A0A4 /* TypeModel.swift */; };
		A45A89912C0E46170015A0A4 /* ProductDetailView.swift in Sources */ = {isa = PBXBuildFile; fileRef = A45A89902C0E46170015A0A4 /* ProductDetailView.swift */; };
		A45A89932C0E54B30015A0A4 /* ProductDetailViewModel.swift in Sources */ = {isa = PBXBuildFile; fileRef = A45A89922C0E54B30015A0A4 /* ProductDetailViewModel.swift */; };
		A45A89952C0E56540015A0A4 /* Nutrition.swift in Sources */ = {isa = PBXBuildFile; fileRef = A45A89942C0E56540015A0A4 /* Nutrition.swift */; };
		A45A89972C0E58250015A0A4 /* ImageModel.swift in Sources */ = {isa = PBXBuildFile; fileRef = A45A89962C0E58250015A0A4 /* ImageModel.swift */; };
		A45C62702C15D7F300E7E11F /* ServiceCall.swift in Sources */ = {isa = PBXBuildFile; fileRef = A45C626F2C15D7F300E7E11F /* ServiceCall.swift */; };
		A45C62722C15E74200E7E11F /* FavoriteView.swift in Sources */ = {isa = PBXBuildFile; fileRef = A45C62712C15E74200E7E11F /* FavoriteView.swift */; };
		A45C62742C15E91A00E7E11F /* FavoriteViewModel.swift in Sources */ = {isa = PBXBuildFile; fileRef = A45C62732C15E91A00E7E11F /* FavoriteViewModel.swift */; };
		A45C62762C161E1B00E7E11F /* ExploreViewModel.swift in Sources */ = {isa = PBXBuildFile; fileRef = A45C62752C161E1B00E7E11F /* ExploreViewModel.swift */; };
		A45C62792C1624D400E7E11F /* ExploreCategory.swift in Sources */ = {isa = PBXBuildFile; fileRef = A45C62782C1624D400E7E11F /* ExploreCategory.swift */; };
		A45C627B2C163EDF00E7E11F /* ExploreCategoryCell.swift in Sources */ = {isa = PBXBuildFile; fileRef = A45C627A2C163EDF00E7E11F /* ExploreCategoryCell.swift */; };
		A45C627D2C164C3900E7E11F /* ExploreItemsViewModel.swift in Sources */ = {isa = PBXBuildFile; fileRef = A45C627C2C164C3900E7E11F /* ExploreItemsViewModel.swift */; };
		A45C627F2C164F5E00E7E11F /* ExploreItemView.swift in Sources */ = {isa = PBXBuildFile; fileRef = A45C627E2C164F5E00E7E11F /* ExploreItemView.swift */; };
		A45C62812C17277E00E7E11F /* CartItem.swift in Sources */ = {isa = PBXBuildFile; fileRef = A45C62802C17277E00E7E11F /* CartItem.swift */; };
		A45C62832C17560100E7E11F /* MockData.swift in Sources */ = {isa = PBXBuildFile; fileRef = A45C62822C17560100E7E11F /* MockData.swift */; };
		A45CAEFC2C0C6DC40076A99C /* User.swift in Sources */ = {isa = PBXBuildFile; fileRef = A45CAEFB2C0C6DC40076A99C /* User.swift */; };
		A45CAEFE2C0C9D830076A99C /* GoogleService-Info.plist in Resources */ = {isa = PBXBuildFile; fileRef = A45CAEFD2C0C9D830076A99C /* GoogleService-Info.plist */; };
		A45CE2892C0A6BC00084FD80 /* SearchTextFild.swift in Sources */ = {isa = PBXBuildFile; fileRef = A45CE2882C0A6BC00084FD80 /* SearchTextFild.swift */; };
		A460CBAE2C0FE43D00CFD249 /* CartButtont.swift in Sources */ = {isa = PBXBuildFile; fileRef = A460CBAD2C0FE43D00CFD249 /* CartButtont.swift */; };
		A462E5D32C201DD60078B7EA /* UserAuthViewModel.swift in Sources */ = {isa = PBXBuildFile; fileRef = A462E5D22C201DD60078B7EA /* UserAuthViewModel.swift */; };
		A462E5D52C202D030078B7EA /* CartViewModel.swift in Sources */ = {isa = PBXBuildFile; fileRef = A462E5D42C202D030078B7EA /* CartViewModel.swift */; };
		A462E5D72C20444E0078B7EA /* DeliveryAddressViewModel.swift in Sources */ = {isa = PBXBuildFile; fileRef = A462E5D62C20444E0078B7EA /* DeliveryAddressViewModel.swift */; };
		A462E5D92C2179900078B7EA /* Utils.swift in Sources */ = {isa = PBXBuildFile; fileRef = A462E5D82C2179900078B7EA /* Utils.swift */; };
		A464CAA72C2455FB0078D222 /* MyOrderViewModel.swift in Sources */ = {isa = PBXBuildFile; fileRef = A464CAA62C2455FB0078D222 /* MyOrderViewModel.swift */; };
		A464CAA92C2460A50078D222 /* MyOrderDetailViewModel.swift in Sources */ = {isa = PBXBuildFile; fileRef = A464CAA82C2460A50078D222 /* MyOrderDetailViewModel.swift */; };
		A466424A2C0335820025096A /* FoodDeliveryAppApp.swift in Sources */ = {isa = PBXBuildFile; fileRef = A46642492C0335820025096A /* FoodDeliveryAppApp.swift */; };
		A466424E2C0335830025096A /* Assets.xcassets in Resources */ = {isa = PBXBuildFile; fileRef = A466424D2C0335830025096A /* Assets.xcassets */; };
		A46642512C0335830025096A /* Preview Assets.xcassets in Resources */ = {isa = PBXBuildFile; fileRef = A46642502C0335830025096A /* Preview Assets.xcassets */; };
		A466425E2C03501A0025096A /* WelcomeView.swift in Sources */ = {isa = PBXBuildFile; fileRef = A466425D2C03501A0025096A /* WelcomeView.swift */; };
		A46642602C037D5E0025096A /* Extension+CGFloat.swift in Sources */ = {isa = PBXBuildFile; fileRef = A466425F2C037D5E0025096A /* Extension+CGFloat.swift */; };
		A46739B22C09192D00AA4BDE /* HomeViewModel.swift in Sources */ = {isa = PBXBuildFile; fileRef = A46739B12C09192D00AA4BDE /* HomeViewModel.swift */; };
		A46739B72C091AB800AA4BDE /* MainTabView.swift in Sources */ = {isa = PBXBuildFile; fileRef = A46739B62C091AB800AA4BDE /* MainTabView.swift */; };
		A46739BA2C091D4F00AA4BDE /* HomeView.swift in Sources */ = {isa = PBXBuildFile; fileRef = A46739B92C091D4F00AA4BDE /* HomeView.swift */; };
		A46739BD2C091F4600AA4BDE /* ExploreView.swift in Sources */ = {isa = PBXBuildFile; fileRef = A46739BC2C091F4600AA4BDE /* ExploreView.swift */; };
		A46798552C145B220015F8DC /* VerificationView.swift in Sources */ = {isa = PBXBuildFile; fileRef = A46798542C145B220015F8DC /* VerificationView.swift */; };
		A46C57162C9F428D006AD5CB /* ConfirmOrderButton.swift in Sources */ = {isa = PBXBuildFile; fileRef = A46C57152C9F428D006AD5CB /* ConfirmOrderButton.swift */; };
		A46C57182C9F435E006AD5CB /* CustomRemoteControlButton.swift in Sources */ = {isa = PBXBuildFile; fileRef = A46C57172C9F435E006AD5CB /* CustomRemoteControlButton.swift */; };
		A46C571A2C9F43AF006AD5CB /* DeleteButton.swift in Sources */ = {isa = PBXBuildFile; fileRef = A46C57192C9F43AF006AD5CB /* DeleteButton.swift */; };
		A46C571C2C9F4480006AD5CB /* CartRowView.swift in Sources */ = {isa = PBXBuildFile; fileRef = A46C571B2C9F4480006AD5CB /* CartRowView.swift */; };
		A46C571E2C9F460B006AD5CB /* RemoteCartRowView.swift in Sources */ = {isa = PBXBuildFile; fileRef = A46C571D2C9F460B006AD5CB /* RemoteCartRowView.swift */; };
		A46C57202C9F4687006AD5CB /* CartView.swift in Sources */ = {isa = PBXBuildFile; fileRef = A46C571F2C9F4687006AD5CB /* CartView.swift */; };
		A46C57232C9F5B72006AD5CB /* ReadyMadeFoodView.swift in Sources */ = {isa = PBXBuildFile; fileRef = A46C57222C9F5B72006AD5CB /* ReadyMadeFoodView.swift */; };
		A46C57262C9F5B9A006AD5CB /* HealthView.swift in Sources */ = {isa = PBXBuildFile; fileRef = A46C57252C9F5B9A006AD5CB /* HealthView.swift */; };
		A46CFE3E2C0B48A700BF88DD /* CategoryListView.swift in Sources */ = {isa = PBXBuildFile; fileRef = A46CFE3D2C0B48A700BF88DD /* CategoryListView.swift */; };
		A46CFE402C0B6EA700BF88DD /* SectionTitleAll.swift in Sources */ = {isa = PBXBuildFile; fileRef = A46CFE3F2C0B6EA700BF88DD /* SectionTitleAll.swift */; };
		A46CFE422C0B90B500BF88DD /* ProductCardView.swift in Sources */ = {isa = PBXBuildFile; fileRef = A46CFE412C0B90B500BF88DD /* ProductCardView.swift */; };
		A46D42F82C98A1F1004B5767 /* FirebaseAuth in Frameworks */ = {isa = PBXBuildFile; productRef = A46D42F72C98A1F1004B5767 /* FirebaseAuth */; };
		A46D42FA2C98A20F004B5767 /* FirebaseAnalytics in Frameworks */ = {isa = PBXBuildFile; productRef = A46D42F92C98A20F004B5767 /* FirebaseAnalytics */; };
		A46D42FC2C98A219004B5767 /* FirebaseAnalyticsSwift in Frameworks */ = {isa = PBXBuildFile; productRef = A46D42FB2C98A219004B5767 /* FirebaseAnalyticsSwift */; };
		A46D42FE2C98A22B004B5767 /* FirebaseDatabase in Frameworks */ = {isa = PBXBuildFile; productRef = A46D42FD2C98A22B004B5767 /* FirebaseDatabase */; };
		A46D43002C98A233004B5767 /* FirebaseDatabaseSwift in Frameworks */ = {isa = PBXBuildFile; productRef = A46D42FF2C98A233004B5767 /* FirebaseDatabaseSwift */; };
		A46D43022C98A23D004B5767 /* FirebaseFirestore in Frameworks */ = {isa = PBXBuildFile; productRef = A46D43012C98A23D004B5767 /* FirebaseFirestore */; };
		A46D43042C98A248004B5767 /* FirebaseFirestoreSwift in Frameworks */ = {isa = PBXBuildFile; productRef = A46D43032C98A248004B5767 /* FirebaseFirestoreSwift */; };
		A46D43062C98A25C004B5767 /* FirebaseStorage in Frameworks */ = {isa = PBXBuildFile; productRef = A46D43052C98A25C004B5767 /* FirebaseStorage */; };
		A46D43082C98B0DA004B5767 /* Extension+Font.swift in Sources */ = {isa = PBXBuildFile; fileRef = A46D43072C98B0DA004B5767 /* Extension+Font.swift */; };
		A46D430A2C98B174004B5767 /* Extension+Color.swift in Sources */ = {isa = PBXBuildFile; fileRef = A46D43092C98B174004B5767 /* Extension+Color.swift */; };
		A46D430C2C98B21C004B5767 /* Extension+Date.swift in Sources */ = {isa = PBXBuildFile; fileRef = A46D430B2C98B21C004B5767 /* Extension+Date.swift */; };
		A46D91722C11A8F90019A335 /* AuthService.swift in Sources */ = {isa = PBXBuildFile; fileRef = A46D91712C11A8F90019A335 /* AuthService.swift */; };
		A46D91742C11CE690019A335 /* APIClient.swift in Sources */ = {isa = PBXBuildFile; fileRef = A46D91732C11CE690019A335 /* APIClient.swift */; };
		A46D91762C11E1130019A335 /* Globals.swift in Sources */ = {isa = PBXBuildFile; fileRef = A46D91752C11E1130019A335 /* Globals.swift */; };
		A476385D2C18725400763BE9 /* Address.swift in Sources */ = {isa = PBXBuildFile; fileRef = A476385C2C18725400763BE9 /* Address.swift */; };
		A476385F2C18729100763BE9 /* MyOrder.swift in Sources */ = {isa = PBXBuildFile; fileRef = A476385E2C18729100763BE9 /* MyOrder.swift */; };
		A47638612C1872C300763BE9 /* Notification.swift in Sources */ = {isa = PBXBuildFile; fileRef = A47638602C1872C300763BE9 /* Notification.swift */; };
		A47638632C1872ED00763BE9 /* OrderItem.swift in Sources */ = {isa = PBXBuildFile; fileRef = A47638622C1872ED00763BE9 /* OrderItem.swift */; };
		A47638652C18731000763BE9 /* Payment.swift in Sources */ = {isa = PBXBuildFile; fileRef = A47638642C18731000763BE9 /* Payment.swift */; };
		A47638692C18736200763BE9 /* PromoCode.swift in Sources */ = {isa = PBXBuildFile; fileRef = A47638682C18736200763BE9 /* PromoCode.swift */; };
		A48E7ED32CA2E1E100C6D037 /* PasswordTF.swift in Sources */ = {isa = PBXBuildFile; fileRef = A48E7ED22CA2E1E100C6D037 /* PasswordTF.swift */; };
		A48E7ED52CA308D900C6D037 /* RememberStye.swift in Sources */ = {isa = PBXBuildFile; fileRef = A48E7ED42CA308D900C6D037 /* RememberStye.swift */; };
		A48E7ED72CA316D000C6D037 /* OrView.swift in Sources */ = {isa = PBXBuildFile; fileRef = A48E7ED62CA316D000C6D037 /* OrView.swift */; };
		A48E7ED92CA3355B00C6D037 /* SignUpView.swift in Sources */ = {isa = PBXBuildFile; fileRef = A48E7ED82CA3355B00C6D037 /* SignUpView.swift */; };
		A48E7EDB2CA33DFC00C6D037 /* ForgotPasswordView.swift in Sources */ = {isa = PBXBuildFile; fileRef = A48E7EDA2CA33DFC00C6D037 /* ForgotPasswordView.swift */; };
		A499C50E2C03C7B500F5F371 /* SignInView.swift in Sources */ = {isa = PBXBuildFile; fileRef = A499C50D2C03C7B500F5F371 /* SignInView.swift */; };
		A499C5112C0520CA00F5F371 /* AlfaSlabOne-Regular.ttf in Resources */ = {isa = PBXBuildFile; fileRef = A499C50F2C0520CA00F5F371 /* AlfaSlabOne-Regular.ttf */; };
		A499C5292C0523D600F5F371 /* FiraSans-Bold.ttf in Resources */ = {isa = PBXBuildFile; fileRef = A499C5162C0523D500F5F371 /* FiraSans-Bold.ttf */; };
		A499C52B2C0523D600F5F371 /* FiraSans-SemiBold.ttf in Resources */ = {isa = PBXBuildFile; fileRef = A499C5182C0523D500F5F371 /* FiraSans-SemiBold.ttf */; };
		A499C52E2C0523D600F5F371 /* FiraSans-Thin.ttf in Resources */ = {isa = PBXBuildFile; fileRef = A499C51B2C0523D500F5F371 /* FiraSans-Thin.ttf */; };
		A499C5302C0523D600F5F371 /* FiraSans-ExtraLight.ttf in Resources */ = {isa = PBXBuildFile; fileRef = A499C51D2C0523D500F5F371 /* FiraSans-ExtraLight.ttf */; };
		A499C5342C0523D600F5F371 /* FiraSans-ExtraBold.ttf in Resources */ = {isa = PBXBuildFile; fileRef = A499C5212C0523D500F5F371 /* FiraSans-ExtraBold.ttf */; };
		A499C5352C0523D600F5F371 /* FiraSans-Light.ttf in Resources */ = {isa = PBXBuildFile; fileRef = A499C5222C0523D500F5F371 /* FiraSans-Light.ttf */; };
		A499C5372C0523D600F5F371 /* FiraSans-Regular.ttf in Resources */ = {isa = PBXBuildFile; fileRef = A499C5242C0523D600F5F371 /* FiraSans-Regular.ttf */; };
		A499C5382C0523D600F5F371 /* FiraSans-Medium.ttf in Resources */ = {isa = PBXBuildFile; fileRef = A499C5252C0523D600F5F371 /* FiraSans-Medium.ttf */; };
		A4BA40D02CA0001F00E2EA82 /* SpecialOffersView.swift in Sources */ = {isa = PBXBuildFile; fileRef = A4BA40CF2CA0001F00E2EA82 /* SpecialOffersView.swift */; };
		A4BA40D22CA0192500E2EA82 /* AccountView.swift in Sources */ = {isa = PBXBuildFile; fileRef = A4BA40D12CA0192500E2EA82 /* AccountView.swift */; };
		A4BA40D42CA020F500E2EA82 /* AccountRow.swift in Sources */ = {isa = PBXBuildFile; fileRef = A4BA40D32CA020F500E2EA82 /* AccountRow.swift */; };
		A4BA40D92CA0579300E2EA82 /* DeliveryAddressView.swift in Sources */ = {isa = PBXBuildFile; fileRef = A4BA40D82CA0579300E2EA82 /* DeliveryAddressView.swift */; };
		A4BB21AC2C9C13420013390D /* ProductsView.swift in Sources */ = {isa = PBXBuildFile; fileRef = A4BB21AB2C9C13420013390D /* ProductsView.swift */; };
		A4BB21AE2C9C40D70013390D /* isFavoriteButton.swift in Sources */ = {isa = PBXBuildFile; fileRef = A4BB21AD2C9C40D70013390D /* isFavoriteButton.swift */; };
		A4BB21B02C9C45D30013390D /* AddToCartButton.swift in Sources */ = {isa = PBXBuildFile; fileRef = A4BB21AF2C9C45D30013390D /* AddToCartButton.swift */; };
		A4BB21B22C9C4BB30013390D /* CustomRegulatorButton.swift in Sources */ = {isa = PBXBuildFile; fileRef = A4BB21B12C9C4BB30013390D /* CustomRegulatorButton.swift */; };
		A4BB21B42C9C4E110013390D /* Extention+Text.swift in Sources */ = {isa = PBXBuildFile; fileRef = A4BB21B32C9C4E110013390D /* Extention+Text.swift */; };
		A4BB21B62C9CB1490013390D /* ProductRowView.swift in Sources */ = {isa = PBXBuildFile; fileRef = A4BB21B52C9CB1490013390D /* ProductRowView.swift */; };
		A4BB21B82C9CB8820013390D /* NavBarView.swift in Sources */ = {isa = PBXBuildFile; fileRef = A4BB21B72C9CB8820013390D /* NavBarView.swift */; };
		A4E517F32CA1A086007B931B /* AddDeliveryAddressView.swift in Sources */ = {isa = PBXBuildFile; fileRef = A4E517F22CA1A086007B931B /* AddDeliveryAddressView.swift */; };
		A4E517F52CA1EC95007B931B /* DownButton.swift in Sources */ = {isa = PBXBuildFile; fileRef = A4E517F42CA1EC95007B931B /* DownButton.swift */; };
		A4E517F72CA1F115007B931B /* SaveButton.swift in Sources */ = {isa = PBXBuildFile; fileRef = A4E517F62CA1F115007B931B /* SaveButton.swift */; };
		A4F4A8272C111E9200EBC384 /* SignInViewModel.swift in Sources */ = {isa = PBXBuildFile; fileRef = A4F4A8262C111E9200EBC384 /* SignInViewModel.swift */; };
/* End PBXBuildFile section */

/* Begin PBXFileReference section */
		A44548D92CA06A3A0077C466 /* AddresRowView.swift */ = {isa = PBXFileReference; lastKnownFileType = sourcecode.swift; path = AddresRowView.swift; sourceTree = "<group>"; };
		A44D35E72C9B7CE0007BD140 /* CardImageView.swift */ = {isa = PBXFileReference; lastKnownFileType = sourcecode.swift; path = CardImageView.swift; sourceTree = "<group>"; };
		A44D35E92C9B840B007BD140 /* MockDataClass.swift */ = {isa = PBXFileReference; lastKnownFileType = sourcecode.swift; path = MockDataClass.swift; sourceTree = "<group>"; };
		A45168A62C998B9E0036D44B /* TopinfoView.swift */ = {isa = PBXFileReference; lastKnownFileType = sourcecode.swift; path = TopinfoView.swift; sourceTree = "<group>"; };
		A45168A82C9998670036D44B /* InfoTFView.swift */ = {isa = PBXFileReference; lastKnownFileType = sourcecode.swift; path = InfoTFView.swift; sourceTree = "<group>"; };
		A45168AC2C99A19E0036D44B /* SocialButtonView.swift */ = {isa = PBXFileReference; lastKnownFileType = sourcecode.swift; path = SocialButtonView.swift; sourceTree = "<group>"; };
		A45168AE2C99AE820036D44B /* BackgroundViewGradient.swift */ = {isa = PBXFileReference; lastKnownFileType = sourcecode.swift; path = BackgroundViewGradient.swift; sourceTree = "<group>"; };
		A45168B02C99BFB10036D44B /* CodeView.swift */ = {isa = PBXFileReference; lastKnownFileType = sourcecode.swift; path = CodeView.swift; sourceTree = "<group>"; };
		A45168B22C99D6750036D44B /* CustomButton.swift */ = {isa = PBXFileReference; lastKnownFileType = sourcecode.swift; path = CustomButton.swift; sourceTree = "<group>"; };
		A45168B42C99E2090036D44B /* BackButton.swift */ = {isa = PBXFileReference; lastKnownFileType = sourcecode.swift; path = BackButton.swift; sourceTree = "<group>"; };
		A45168B62C9A1E680036D44B /* TabBarView.swift */ = {isa = PBXFileReference; lastKnownFileType = sourcecode.swift; path = TabBarView.swift; sourceTree = "<group>"; };
		A45A898A2C0DE0FF0015A0A4 /* Product.swift */ = {isa = PBXFileReference; lastKnownFileType = sourcecode.swift; path = Product.swift; sourceTree = "<group>"; };
		A45A898C2C0DEF0B0015A0A4 /* Extension+String.swift */ = {isa = PBXFileReference; lastKnownFileType = sourcecode.swift; path = "Extension+String.swift"; sourceTree = "<group>"; };
		A45A898E2C0E33160015A0A4 /* TypeModel.swift */ = {isa = PBXFileReference; lastKnownFileType = sourcecode.swift; path = TypeModel.swift; sourceTree = "<group>"; };
		A45A89902C0E46170015A0A4 /* ProductDetailView.swift */ = {isa = PBXFileReference; lastKnownFileType = sourcecode.swift; path = ProductDetailView.swift; sourceTree = "<group>"; };
		A45A89922C0E54B30015A0A4 /* ProductDetailViewModel.swift */ = {isa = PBXFileReference; lastKnownFileType = sourcecode.swift; path = ProductDetailViewModel.swift; sourceTree = "<group>"; };
		A45A89942C0E56540015A0A4 /* Nutrition.swift */ = {isa = PBXFileReference; lastKnownFileType = sourcecode.swift; path = Nutrition.swift; sourceTree = "<group>"; };
		A45A89962C0E58250015A0A4 /* ImageModel.swift */ = {isa = PBXFileReference; lastKnownFileType = sourcecode.swift; path = ImageModel.swift; sourceTree = "<group>"; };
		A45C626F2C15D7F300E7E11F /* ServiceCall.swift */ = {isa = PBXFileReference; lastKnownFileType = sourcecode.swift; path = ServiceCall.swift; sourceTree = "<group>"; };
		A45C62712C15E74200E7E11F /* FavoriteView.swift */ = {isa = PBXFileReference; lastKnownFileType = sourcecode.swift; path = FavoriteView.swift; sourceTree = "<group>"; };
		A45C62732C15E91A00E7E11F /* FavoriteViewModel.swift */ = {isa = PBXFileReference; lastKnownFileType = sourcecode.swift; path = FavoriteViewModel.swift; sourceTree = "<group>"; };
		A45C62752C161E1B00E7E11F /* ExploreViewModel.swift */ = {isa = PBXFileReference; lastKnownFileType = sourcecode.swift; path = ExploreViewModel.swift; sourceTree = "<group>"; };
		A45C62782C1624D400E7E11F /* ExploreCategory.swift */ = {isa = PBXFileReference; lastKnownFileType = sourcecode.swift; path = ExploreCategory.swift; sourceTree = "<group>"; };
		A45C627A2C163EDF00E7E11F /* ExploreCategoryCell.swift */ = {isa = PBXFileReference; lastKnownFileType = sourcecode.swift; path = ExploreCategoryCell.swift; sourceTree = "<group>"; };
		A45C627C2C164C3900E7E11F /* ExploreItemsViewModel.swift */ = {isa = PBXFileReference; lastKnownFileType = sourcecode.swift; path = ExploreItemsViewModel.swift; sourceTree = "<group>"; };
		A45C627E2C164F5E00E7E11F /* ExploreItemView.swift */ = {isa = PBXFileReference; lastKnownFileType = sourcecode.swift; path = ExploreItemView.swift; sourceTree = "<group>"; };
		A45C62802C17277E00E7E11F /* CartItem.swift */ = {isa = PBXFileReference; lastKnownFileType = sourcecode.swift; path = CartItem.swift; sourceTree = "<group>"; };
		A45C62822C17560100E7E11F /* MockData.swift */ = {isa = PBXFileReference; lastKnownFileType = sourcecode.swift; path = MockData.swift; sourceTree = "<group>"; };
		A45CAEFB2C0C6DC40076A99C /* User.swift */ = {isa = PBXFileReference; lastKnownFileType = sourcecode.swift; path = User.swift; sourceTree = "<group>"; };
		A45CAEFD2C0C9D830076A99C /* GoogleService-Info.plist */ = {isa = PBXFileReference; fileEncoding = 4; lastKnownFileType = text.plist.xml; path = "GoogleService-Info.plist"; sourceTree = "<group>"; };
		A45CE2882C0A6BC00084FD80 /* SearchTextFild.swift */ = {isa = PBXFileReference; lastKnownFileType = sourcecode.swift; path = SearchTextFild.swift; sourceTree = "<group>"; };
		A460CBAD2C0FE43D00CFD249 /* CartButtont.swift */ = {isa = PBXFileReference; lastKnownFileType = sourcecode.swift; path = CartButtont.swift; sourceTree = "<group>"; };
		A462E5D22C201DD60078B7EA /* UserAuthViewModel.swift */ = {isa = PBXFileReference; lastKnownFileType = sourcecode.swift; path = UserAuthViewModel.swift; sourceTree = "<group>"; };
		A462E5D42C202D030078B7EA /* CartViewModel.swift */ = {isa = PBXFileReference; lastKnownFileType = sourcecode.swift; path = CartViewModel.swift; sourceTree = "<group>"; };
		A462E5D62C20444E0078B7EA /* DeliveryAddressViewModel.swift */ = {isa = PBXFileReference; lastKnownFileType = sourcecode.swift; path = DeliveryAddressViewModel.swift; sourceTree = "<group>"; };
		A462E5D82C2179900078B7EA /* Utils.swift */ = {isa = PBXFileReference; lastKnownFileType = sourcecode.swift; path = Utils.swift; sourceTree = "<group>"; };
		A464CAA62C2455FB0078D222 /* MyOrderViewModel.swift */ = {isa = PBXFileReference; lastKnownFileType = sourcecode.swift; path = MyOrderViewModel.swift; sourceTree = "<group>"; };
		A464CAA82C2460A50078D222 /* MyOrderDetailViewModel.swift */ = {isa = PBXFileReference; lastKnownFileType = sourcecode.swift; path = MyOrderDetailViewModel.swift; sourceTree = "<group>"; };
		A46642462C0335820025096A /* FoodDeliveryApp.app */ = {isa = PBXFileReference; explicitFileType = wrapper.application; includeInIndex = 0; path = FoodDeliveryApp.app; sourceTree = BUILT_PRODUCTS_DIR; };
		A46642492C0335820025096A /* FoodDeliveryAppApp.swift */ = {isa = PBXFileReference; lastKnownFileType = sourcecode.swift; path = FoodDeliveryAppApp.swift; sourceTree = "<group>"; };
		A466424D2C0335830025096A /* Assets.xcassets */ = {isa = PBXFileReference; lastKnownFileType = folder.assetcatalog; path = Assets.xcassets; sourceTree = "<group>"; };
		A46642502C0335830025096A /* Preview Assets.xcassets */ = {isa = PBXFileReference; lastKnownFileType = folder.assetcatalog; path = "Preview Assets.xcassets"; sourceTree = "<group>"; };
		A466425D2C03501A0025096A /* WelcomeView.swift */ = {isa = PBXFileReference; lastKnownFileType = sourcecode.swift; path = WelcomeView.swift; sourceTree = "<group>"; };
		A466425F2C037D5E0025096A /* Extension+CGFloat.swift */ = {isa = PBXFileReference; lastKnownFileType = sourcecode.swift; path = "Extension+CGFloat.swift"; sourceTree = "<group>"; };
		A46739B12C09192D00AA4BDE /* HomeViewModel.swift */ = {isa = PBXFileReference; lastKnownFileType = sourcecode.swift; path = HomeViewModel.swift; sourceTree = "<group>"; };
		A46739B62C091AB800AA4BDE /* MainTabView.swift */ = {isa = PBXFileReference; lastKnownFileType = sourcecode.swift; path = MainTabView.swift; sourceTree = "<group>"; };
		A46739B92C091D4F00AA4BDE /* HomeView.swift */ = {isa = PBXFileReference; lastKnownFileType = sourcecode.swift; path = HomeView.swift; sourceTree = "<group>"; };
		A46739BC2C091F4600AA4BDE /* ExploreView.swift */ = {isa = PBXFileReference; lastKnownFileType = sourcecode.swift; path = ExploreView.swift; sourceTree = "<group>"; };
		A46798542C145B220015F8DC /* VerificationView.swift */ = {isa = PBXFileReference; lastKnownFileType = sourcecode.swift; path = VerificationView.swift; sourceTree = "<group>"; };
		A46C57152C9F428D006AD5CB /* ConfirmOrderButton.swift */ = {isa = PBXFileReference; lastKnownFileType = sourcecode.swift; path = ConfirmOrderButton.swift; sourceTree = "<group>"; };
		A46C57172C9F435E006AD5CB /* CustomRemoteControlButton.swift */ = {isa = PBXFileReference; lastKnownFileType = sourcecode.swift; path = CustomRemoteControlButton.swift; sourceTree = "<group>"; };
		A46C57192C9F43AF006AD5CB /* DeleteButton.swift */ = {isa = PBXFileReference; lastKnownFileType = sourcecode.swift; path = DeleteButton.swift; sourceTree = "<group>"; };
		A46C571B2C9F4480006AD5CB /* CartRowView.swift */ = {isa = PBXFileReference; lastKnownFileType = sourcecode.swift; path = CartRowView.swift; sourceTree = "<group>"; };
		A46C571D2C9F460B006AD5CB /* RemoteCartRowView.swift */ = {isa = PBXFileReference; lastKnownFileType = sourcecode.swift; path = RemoteCartRowView.swift; sourceTree = "<group>"; };
		A46C571F2C9F4687006AD5CB /* CartView.swift */ = {isa = PBXFileReference; lastKnownFileType = sourcecode.swift; path = CartView.swift; sourceTree = "<group>"; };
		A46C57222C9F5B72006AD5CB /* ReadyMadeFoodView.swift */ = {isa = PBXFileReference; lastKnownFileType = sourcecode.swift; path = ReadyMadeFoodView.swift; sourceTree = "<group>"; };
		A46C57252C9F5B9A006AD5CB /* HealthView.swift */ = {isa = PBXFileReference; lastKnownFileType = sourcecode.swift; path = HealthView.swift; sourceTree = "<group>"; };
		A46CFE3D2C0B48A700BF88DD /* CategoryListView.swift */ = {isa = PBXFileReference; lastKnownFileType = sourcecode.swift; path = CategoryListView.swift; sourceTree = "<group>"; };
		A46CFE3F2C0B6EA700BF88DD /* SectionTitleAll.swift */ = {isa = PBXFileReference; lastKnownFileType = sourcecode.swift; path = SectionTitleAll.swift; sourceTree = "<group>"; };
		A46CFE412C0B90B500BF88DD /* ProductCardView.swift */ = {isa = PBXFileReference; lastKnownFileType = sourcecode.swift; path = ProductCardView.swift; sourceTree = "<group>"; };
		A46D43072C98B0DA004B5767 /* Extension+Font.swift */ = {isa = PBXFileReference; lastKnownFileType = sourcecode.swift; path = "Extension+Font.swift"; sourceTree = "<group>"; };
		A46D43092C98B174004B5767 /* Extension+Color.swift */ = {isa = PBXFileReference; lastKnownFileType = sourcecode.swift; path = "Extension+Color.swift"; sourceTree = "<group>"; };
		A46D430B2C98B21C004B5767 /* Extension+Date.swift */ = {isa = PBXFileReference; lastKnownFileType = sourcecode.swift; path = "Extension+Date.swift"; sourceTree = "<group>"; };
		A46D91712C11A8F90019A335 /* AuthService.swift */ = {isa = PBXFileReference; lastKnownFileType = sourcecode.swift; path = AuthService.swift; sourceTree = "<group>"; };
		A46D91732C11CE690019A335 /* APIClient.swift */ = {isa = PBXFileReference; lastKnownFileType = sourcecode.swift; path = APIClient.swift; sourceTree = "<group>"; };
		A46D91752C11E1130019A335 /* Globals.swift */ = {isa = PBXFileReference; lastKnownFileType = sourcecode.swift; path = Globals.swift; sourceTree = "<group>"; };
		A476385C2C18725400763BE9 /* Address.swift */ = {isa = PBXFileReference; lastKnownFileType = sourcecode.swift; path = Address.swift; sourceTree = "<group>"; };
		A476385E2C18729100763BE9 /* MyOrder.swift */ = {isa = PBXFileReference; lastKnownFileType = sourcecode.swift; path = MyOrder.swift; sourceTree = "<group>"; };
		A47638602C1872C300763BE9 /* Notification.swift */ = {isa = PBXFileReference; lastKnownFileType = sourcecode.swift; path = Notification.swift; sourceTree = "<group>"; };
		A47638622C1872ED00763BE9 /* OrderItem.swift */ = {isa = PBXFileReference; lastKnownFileType = sourcecode.swift; path = OrderItem.swift; sourceTree = "<group>"; };
		A47638642C18731000763BE9 /* Payment.swift */ = {isa = PBXFileReference; lastKnownFileType = sourcecode.swift; path = Payment.swift; sourceTree = "<group>"; };
		A47638682C18736200763BE9 /* PromoCode.swift */ = {isa = PBXFileReference; lastKnownFileType = sourcecode.swift; path = PromoCode.swift; sourceTree = "<group>"; };
		A48E7ED22CA2E1E100C6D037 /* PasswordTF.swift */ = {isa = PBXFileReference; lastKnownFileType = sourcecode.swift; path = PasswordTF.swift; sourceTree = "<group>"; };
		A48E7ED42CA308D900C6D037 /* RememberStye.swift */ = {isa = PBXFileReference; lastKnownFileType = sourcecode.swift; path = RememberStye.swift; sourceTree = "<group>"; };
		A48E7ED62CA316D000C6D037 /* OrView.swift */ = {isa = PBXFileReference; lastKnownFileType = sourcecode.swift; path = OrView.swift; sourceTree = "<group>"; };
		A48E7ED82CA3355B00C6D037 /* SignUpView.swift */ = {isa = PBXFileReference; lastKnownFileType = sourcecode.swift; path = SignUpView.swift; sourceTree = "<group>"; };
		A48E7EDA2CA33DFC00C6D037 /* ForgotPasswordView.swift */ = {isa = PBXFileReference; lastKnownFileType = sourcecode.swift; path = ForgotPasswordView.swift; sourceTree = "<group>"; };
		A499C50D2C03C7B500F5F371 /* SignInView.swift */ = {isa = PBXFileReference; lastKnownFileType = sourcecode.swift; path = SignInView.swift; sourceTree = "<group>"; };
		A499C50F2C0520CA00F5F371 /* AlfaSlabOne-Regular.ttf */ = {isa = PBXFileReference; lastKnownFileType = file; path = "AlfaSlabOne-Regular.ttf"; sourceTree = "<group>"; };
		A499C5162C0523D500F5F371 /* FiraSans-Bold.ttf */ = {isa = PBXFileReference; lastKnownFileType = file; path = "FiraSans-Bold.ttf"; sourceTree = "<group>"; };
		A499C5182C0523D500F5F371 /* FiraSans-SemiBold.ttf */ = {isa = PBXFileReference; lastKnownFileType = file; path = "FiraSans-SemiBold.ttf"; sourceTree = "<group>"; };
		A499C51B2C0523D500F5F371 /* FiraSans-Thin.ttf */ = {isa = PBXFileReference; lastKnownFileType = file; path = "FiraSans-Thin.ttf"; sourceTree = "<group>"; };
		A499C51D2C0523D500F5F371 /* FiraSans-ExtraLight.ttf */ = {isa = PBXFileReference; lastKnownFileType = file; path = "FiraSans-ExtraLight.ttf"; sourceTree = "<group>"; };
		A499C5212C0523D500F5F371 /* FiraSans-ExtraBold.ttf */ = {isa = PBXFileReference; lastKnownFileType = file; path = "FiraSans-ExtraBold.ttf"; sourceTree = "<group>"; };
		A499C5222C0523D500F5F371 /* FiraSans-Light.ttf */ = {isa = PBXFileReference; lastKnownFileType = file; path = "FiraSans-Light.ttf"; sourceTree = "<group>"; };
		A499C5242C0523D600F5F371 /* FiraSans-Regular.ttf */ = {isa = PBXFileReference; lastKnownFileType = file; path = "FiraSans-Regular.ttf"; sourceTree = "<group>"; };
		A499C5252C0523D600F5F371 /* FiraSans-Medium.ttf */ = {isa = PBXFileReference; lastKnownFileType = file; path = "FiraSans-Medium.ttf"; sourceTree = "<group>"; };
		A499C53E2C05333100F5F371 /* Info.plist */ = {isa = PBXFileReference; lastKnownFileType = text.plist; path = Info.plist; sourceTree = "<group>"; };
		A4BA40CF2CA0001F00E2EA82 /* SpecialOffersView.swift */ = {isa = PBXFileReference; lastKnownFileType = sourcecode.swift; path = SpecialOffersView.swift; sourceTree = "<group>"; };
		A4BA40D12CA0192500E2EA82 /* AccountView.swift */ = {isa = PBXFileReference; lastKnownFileType = sourcecode.swift; path = AccountView.swift; sourceTree = "<group>"; };
		A4BA40D32CA020F500E2EA82 /* AccountRow.swift */ = {isa = PBXFileReference; lastKnownFileType = sourcecode.swift; path = AccountRow.swift; sourceTree = "<group>"; };
		A4BA40D82CA0579300E2EA82 /* DeliveryAddressView.swift */ = {isa = PBXFileReference; lastKnownFileType = sourcecode.swift; path = DeliveryAddressView.swift; sourceTree = "<group>"; };
		A4BB21AB2C9C13420013390D /* ProductsView.swift */ = {isa = PBXFileReference; lastKnownFileType = sourcecode.swift; path = ProductsView.swift; sourceTree = "<group>"; };
		A4BB21AD2C9C40D70013390D /* isFavoriteButton.swift */ = {isa = PBXFileReference; lastKnownFileType = sourcecode.swift; path = isFavoriteButton.swift; sourceTree = "<group>"; };
		A4BB21AF2C9C45D30013390D /* AddToCartButton.swift */ = {isa = PBXFileReference; lastKnownFileType = sourcecode.swift; path = AddToCartButton.swift; sourceTree = "<group>"; };
		A4BB21B12C9C4BB30013390D /* CustomRegulatorButton.swift */ = {isa = PBXFileReference; lastKnownFileType = sourcecode.swift; path = CustomRegulatorButton.swift; sourceTree = "<group>"; };
		A4BB21B32C9C4E110013390D /* Extention+Text.swift */ = {isa = PBXFileReference; lastKnownFileType = sourcecode.swift; path = "Extention+Text.swift"; sourceTree = "<group>"; };
		A4BB21B52C9CB1490013390D /* ProductRowView.swift */ = {isa = PBXFileReference; lastKnownFileType = sourcecode.swift; path = ProductRowView.swift; sourceTree = "<group>"; };
		A4BB21B72C9CB8820013390D /* NavBarView.swift */ = {isa = PBXFileReference; lastKnownFileType = sourcecode.swift; path = NavBarView.swift; sourceTree = "<group>"; };
		A4E517F22CA1A086007B931B /* AddDeliveryAddressView.swift */ = {isa = PBXFileReference; lastKnownFileType = sourcecode.swift; path = AddDeliveryAddressView.swift; sourceTree = "<group>"; };
		A4E517F42CA1EC95007B931B /* DownButton.swift */ = {isa = PBXFileReference; lastKnownFileType = sourcecode.swift; path = DownButton.swift; sourceTree = "<group>"; };
		A4E517F62CA1F115007B931B /* SaveButton.swift */ = {isa = PBXFileReference; lastKnownFileType = sourcecode.swift; path = SaveButton.swift; sourceTree = "<group>"; };
		A4F4A8262C111E9200EBC384 /* SignInViewModel.swift */ = {isa = PBXFileReference; lastKnownFileType = sourcecode.swift; path = SignInViewModel.swift; sourceTree = "<group>"; };
/* End PBXFileReference section */

/* Begin PBXFrameworksBuildPhase section */
		A46642432C0335820025096A /* Frameworks */ = {
			isa = PBXFrameworksBuildPhase;
			buildActionMask = 2147483647;
			files = (
				A46D43002C98A233004B5767 /* FirebaseDatabaseSwift in Frameworks */,
				A46D42FC2C98A219004B5767 /* FirebaseAnalyticsSwift in Frameworks */,
				A46D42FA2C98A20F004B5767 /* FirebaseAnalytics in Frameworks */,
				A46D43042C98A248004B5767 /* FirebaseFirestoreSwift in Frameworks */,
				A46D42FE2C98A22B004B5767 /* FirebaseDatabase in Frameworks */,
				A46D43062C98A25C004B5767 /* FirebaseStorage in Frameworks */,
				A46D42F82C98A1F1004B5767 /* FirebaseAuth in Frameworks */,
				A46D43022C98A23D004B5767 /* FirebaseFirestore in Frameworks */,
			);
			runOnlyForDeploymentPostprocessing = 0;
		};
/* End PBXFrameworksBuildPhase section */

/* Begin PBXGroup section */
		A44D35E62C9B63A1007BD140 /* Detail */ = {
			isa = PBXGroup;
			children = (
				A46C57112C9F1E54006AD5CB /* DetailScreen */,
				A46C57102C9F1E4F006AD5CB /* SubViews */,
			);
			path = Detail;
			sourceTree = "<group>";
		};
		A45CAF0D2C0CFF530076A99C /* Database */ = {
			isa = PBXGroup;
			children = (
				A45C62822C17560100E7E11F /* MockData.swift */,
				A44D35E92C9B840B007BD140 /* MockDataClass.swift */,
			);
			path = Database;
			sourceTree = "<group>";
		};
		A466423D2C0335820025096A = {
			isa = PBXGroup;
			children = (
				A46642482C0335820025096A /* FoodDeliveryApp */,
				A46642472C0335820025096A /* Products */,
				A4928CFB2C1287EC0046FC9B /* Frameworks */,
			);
			sourceTree = "<group>";
		};
		A46642472C0335820025096A /* Products */ = {
			isa = PBXGroup;
			children = (
				A46642462C0335820025096A /* FoodDeliveryApp.app */,
			);
			name = Products;
			sourceTree = "<group>";
		};
		A46642482C0335820025096A /* FoodDeliveryApp */ = {
			isa = PBXGroup;
			children = (
				A466425B2C033A5D0025096A /* Views */,
				A466425C2C033A7A0025096A /* ViewModel */,
				A466425A2C033A410025096A /* Model */,
				A46D91702C11A82D0019A335 /* NetworkingServices */,
				A46642582C0339D70025096A /* Extensions */,
				A46798562C150AA70015F8DC /* UIComponents */,
				A46642572C0339C30025096A /* Fonts */,
				A45CAF0D2C0CFF530076A99C /* Database */,
				A4A42BC42C9E09C2000980AD /* Main */,
				A466424D2C0335830025096A /* Assets.xcassets */,
				A499C53E2C05333100F5F371 /* Info.plist */,
				A45CAEFD2C0C9D830076A99C /* GoogleService-Info.plist */,
				A466424F2C0335830025096A /* Preview Content */,
			);
			path = FoodDeliveryApp;
			sourceTree = "<group>";
		};
		A466424F2C0335830025096A /* Preview Content */ = {
			isa = PBXGroup;
			children = (
				A46642502C0335830025096A /* Preview Assets.xcassets */,
			);
			path = "Preview Content";
			sourceTree = "<group>";
		};
		A46642572C0339C30025096A /* Fonts */ = {
			isa = PBXGroup;
			children = (
				A499C53A2C05247900F5F371 /* Fira_Sans */,
				A499C5132C0520E200F5F371 /* Alfa_Slab_One */,
			);
			path = Fonts;
			sourceTree = "<group>";
		};
		A46642582C0339D70025096A /* Extensions */ = {
			isa = PBXGroup;
			children = (
				A46D43092C98B174004B5767 /* Extension+Color.swift */,
				A46D430B2C98B21C004B5767 /* Extension+Date.swift */,
				A46D43072C98B0DA004B5767 /* Extension+Font.swift */,
				A466425F2C037D5E0025096A /* Extension+CGFloat.swift */,
				A45A898C2C0DEF0B0015A0A4 /* Extension+String.swift */,
				A4BB21B32C9C4E110013390D /* Extention+Text.swift */,
			);
			path = Extensions;
			sourceTree = "<group>";
		};
		A46642592C033A210025096A /* Login */ = {
			isa = PBXGroup;
			children = (
				A46D430D2C98B881004B5767 /* WelcomeScreen */,
				A46D43112C98B9F0004B5767 /* SingInViews */,
				A46D43132C98BA44004B5767 /* VerificationViews */,
			);
			path = Login;
			sourceTree = "<group>";
		};
		A466425A2C033A410025096A /* Model */ = {
			isa = PBXGroup;
			children = (
				A45CAEFB2C0C6DC40076A99C /* User.swift */,
				A45A898A2C0DE0FF0015A0A4 /* Product.swift */,
				A45C62802C17277E00E7E11F /* CartItem.swift */,
				A47638622C1872ED00763BE9 /* OrderItem.swift */,
				A45A898E2C0E33160015A0A4 /* TypeModel.swift */,
				A45A89942C0E56540015A0A4 /* Nutrition.swift */,
				A45A89962C0E58250015A0A4 /* ImageModel.swift */,
				A45C62782C1624D400E7E11F /* ExploreCategory.swift */,
				A476385C2C18725400763BE9 /* Address.swift */,
				A476385E2C18729100763BE9 /* MyOrder.swift */,
				A47638642C18731000763BE9 /* Payment.swift */,
				A47638682C18736200763BE9 /* PromoCode.swift */,
				A47638602C1872C300763BE9 /* Notification.swift */,
			);
			path = Model;
			sourceTree = "<group>";
		};
		A466425B2C033A5D0025096A /* Views */ = {
			isa = PBXGroup;
			children = (
				A46739B82C091D2200AA4BDE /* Home */,
				A4BA40CC2C9FFF6700E2EA82 /* SpecialOffers */,
				A4A42BBD2C9E06C2000980AD /* Product */,
				A46C57212C9F5B4C006AD5CB /* Food */,
				A46C57242C9F5B85006AD5CB /* Health */,
				A46C57122C9F41E1006AD5CB /* Cart */,
				A46739BB2C091F1500AA4BDE /* Explore */,
				A46741FC2C19842500EB811E /* Favorite */,
				A44D35E62C9B63A1007BD140 /* Detail */,
				A46739B52C091A6400AA4BDE /* MainTab */,
				A46642592C033A210025096A /* Login */,
				A4BA40C42C9FDC1200E2EA82 /* Account */,
			);
			path = Views;
			sourceTree = "<group>";
		};
		A466425C2C033A7A0025096A /* ViewModel */ = {
			isa = PBXGroup;
			children = (
				A46739B12C09192D00AA4BDE /* HomeViewModel.swift */,
				A462E5D22C201DD60078B7EA /* UserAuthViewModel.swift */,
				A4F4A8262C111E9200EBC384 /* SignInViewModel.swift */,
				A45A89922C0E54B30015A0A4 /* ProductDetailViewModel.swift */,
				A45C62752C161E1B00E7E11F /* ExploreViewModel.swift */,
				A45C627C2C164C3900E7E11F /* ExploreItemsViewModel.swift */,
				A45C62732C15E91A00E7E11F /* FavoriteViewModel.swift */,
				A462E5D42C202D030078B7EA /* CartViewModel.swift */,
				A462E5D62C20444E0078B7EA /* DeliveryAddressViewModel.swift */,
				A464CAA62C2455FB0078D222 /* MyOrderViewModel.swift */,
				A464CAA82C2460A50078D222 /* MyOrderDetailViewModel.swift */,
			);
			path = ViewModel;
			sourceTree = "<group>";
		};
		A46739B52C091A6400AA4BDE /* MainTab */ = {
			isa = PBXGroup;
			children = (
				A46739B62C091AB800AA4BDE /* MainTabView.swift */,
				A45168B62C9A1E680036D44B /* TabBarView.swift */,
			);
			path = MainTab;
			sourceTree = "<group>";
		};
		A46739B82C091D2200AA4BDE /* Home */ = {
			isa = PBXGroup;
			children = (
				A4A42BC12C9E08B7000980AD /* HomeScreen */,
				A4A42BC02C9E0850000980AD /* SubViews */,
			);
			path = Home;
			sourceTree = "<group>";
		};
		A46739BB2C091F1500AA4BDE /* Explore */ = {
			isa = PBXGroup;
			children = (
				A4A42BC32C9E0920000980AD /* ExploreScreen */,
				A4A42BC22C9E0900000980AD /* SubViews */,
			);
			path = Explore;
			sourceTree = "<group>";
		};
		A46741FC2C19842500EB811E /* Favorite */ = {
			isa = PBXGroup;
			children = (
				A45C62712C15E74200E7E11F /* FavoriteView.swift */,
			);
			path = Favorite;
			sourceTree = "<group>";
		};
		A46798562C150AA70015F8DC /* UIComponents */ = {
			isa = PBXGroup;
			children = (
				A460CBAD2C0FE43D00CFD249 /* CartButtont.swift */,
				A45CE2882C0A6BC00084FD80 /* SearchTextFild.swift */,
				A45168B22C99D6750036D44B /* CustomButton.swift */,
				A45168B42C99E2090036D44B /* BackButton.swift */,
				A44D35E72C9B7CE0007BD140 /* CardImageView.swift */,
				A4BB21AD2C9C40D70013390D /* isFavoriteButton.swift */,
				A4BB21AF2C9C45D30013390D /* AddToCartButton.swift */,
				A4BB21B12C9C4BB30013390D /* CustomRegulatorButton.swift */,
				A4E517F42CA1EC95007B931B /* DownButton.swift */,
				A4E517F62CA1F115007B931B /* SaveButton.swift */,
			);
			path = UIComponents;
			sourceTree = "<group>";
		};
		A46C57102C9F1E4F006AD5CB /* SubViews */ = {
			isa = PBXGroup;
			children = (
			);
			path = SubViews;
			sourceTree = "<group>";
		};
		A46C57112C9F1E54006AD5CB /* DetailScreen */ = {
			isa = PBXGroup;
			children = (
				A45A89902C0E46170015A0A4 /* ProductDetailView.swift */,
			);
			path = DetailScreen;
			sourceTree = "<group>";
		};
		A46C57122C9F41E1006AD5CB /* Cart */ = {
			isa = PBXGroup;
			children = (
				A46C57132C9F4237006AD5CB /* CartScreen */,
				A46C57142C9F4253006AD5CB /* SubViews */,
			);
			path = Cart;
			sourceTree = "<group>";
		};
		A46C57132C9F4237006AD5CB /* CartScreen */ = {
			isa = PBXGroup;
			children = (
				A46C571F2C9F4687006AD5CB /* CartView.swift */,
			);
			path = CartScreen;
			sourceTree = "<group>";
		};
		A46C57142C9F4253006AD5CB /* SubViews */ = {
			isa = PBXGroup;
			children = (
				A46C57152C9F428D006AD5CB /* ConfirmOrderButton.swift */,
				A46C57172C9F435E006AD5CB /* CustomRemoteControlButton.swift */,
				A46C57192C9F43AF006AD5CB /* DeleteButton.swift */,
				A46C571B2C9F4480006AD5CB /* CartRowView.swift */,
				A46C571D2C9F460B006AD5CB /* RemoteCartRowView.swift */,
			);
			path = SubViews;
			sourceTree = "<group>";
		};
		A46C57212C9F5B4C006AD5CB /* Food */ = {
			isa = PBXGroup;
			children = (
				A4BA40C82C9FDD4B00E2EA82 /* FoodScreen */,
				A4BA40C92C9FDD6100E2EA82 /* SubViews */,
			);
			path = Food;
			sourceTree = "<group>";
		};
		A46C57242C9F5B85006AD5CB /* Health */ = {
			isa = PBXGroup;
			children = (
				A4BA40CA2C9FDD7F00E2EA82 /* HealthScreen */,
				A4BA40CB2C9FDDA600E2EA82 /* SubViews */,
			);
			path = Health;
			sourceTree = "<group>";
		};
		A46D430D2C98B881004B5767 /* WelcomeScreen */ = {
			isa = PBXGroup;
			children = (
				A46D430E2C98B8E7004B5767 /* WelcomeView */,
				A46D430F2C98B959004B5767 /* SubViews */,
			);
			path = WelcomeScreen;
			sourceTree = "<group>";
		};
		A46D430E2C98B8E7004B5767 /* WelcomeView */ = {
			isa = PBXGroup;
			children = (
				A466425D2C03501A0025096A /* WelcomeView.swift */,
			);
			path = WelcomeView;
			sourceTree = "<group>";
		};
		A46D430F2C98B959004B5767 /* SubViews */ = {
			isa = PBXGroup;
			children = (
				A45168AE2C99AE820036D44B /* BackgroundViewGradient.swift */,
			);
			path = SubViews;
			sourceTree = "<group>";
		};
		A46D43102C98B982004B5767 /* SignInScreen */ = {
			isa = PBXGroup;
			children = (
				A499C50D2C03C7B500F5F371 /* SignInView.swift */,
				A48E7ED82CA3355B00C6D037 /* SignUpView.swift */,
			);
			path = SignInScreen;
			sourceTree = "<group>";
		};
		A46D43112C98B9F0004B5767 /* SingInViews */ = {
			isa = PBXGroup;
			children = (
				A46D43102C98B982004B5767 /* SignInScreen */,
				A46D43122C98BA26004B5767 /* SubViews */,
			);
			path = SingInViews;
			sourceTree = "<group>";
		};
		A46D43122C98BA26004B5767 /* SubViews */ = {
			isa = PBXGroup;
			children = (
				A45168A62C998B9E0036D44B /* TopinfoView.swift */,
				A45168A82C9998670036D44B /* InfoTFView.swift */,
				A48E7ED22CA2E1E100C6D037 /* PasswordTF.swift */,
				A45168AC2C99A19E0036D44B /* SocialButtonView.swift */,
				A48E7ED42CA308D900C6D037 /* RememberStye.swift */,
				A48E7ED62CA316D000C6D037 /* OrView.swift */,
				A48E7EDA2CA33DFC00C6D037 /* ForgotPasswordView.swift */,
			);
			path = SubViews;
			sourceTree = "<group>";
		};
		A46D43132C98BA44004B5767 /* VerificationViews */ = {
			isa = PBXGroup;
			children = (
				A46D43152C98BB34004B5767 /* VerificationScreen */,
				A46D43142C98BA93004B5767 /* SubViews */,
			);
			path = VerificationViews;
			sourceTree = "<group>";
		};
		A46D43142C98BA93004B5767 /* SubViews */ = {
			isa = PBXGroup;
			children = (
				A45168B02C99BFB10036D44B /* CodeView.swift */,
			);
			path = SubViews;
			sourceTree = "<group>";
		};
		A46D43152C98BB34004B5767 /* VerificationScreen */ = {
			isa = PBXGroup;
			children = (
				A46798542C145B220015F8DC /* VerificationView.swift */,
			);
			path = VerificationScreen;
			sourceTree = "<group>";
		};
		A46D91702C11A82D0019A335 /* NetworkingServices */ = {
			isa = PBXGroup;
			children = (
				A46D91712C11A8F90019A335 /* AuthService.swift */,
				A46D91732C11CE690019A335 /* APIClient.swift */,
				A45C626F2C15D7F300E7E11F /* ServiceCall.swift */,
				A46D91752C11E1130019A335 /* Globals.swift */,
				A462E5D82C2179900078B7EA /* Utils.swift */,
			);
			path = NetworkingServices;
			sourceTree = "<group>";
		};
		A4928CFB2C1287EC0046FC9B /* Frameworks */ = {
			isa = PBXGroup;
			children = (
			);
			name = Frameworks;
			sourceTree = "<group>";
		};
		A499C5132C0520E200F5F371 /* Alfa_Slab_One */ = {
			isa = PBXGroup;
			children = (
				A499C50F2C0520CA00F5F371 /* AlfaSlabOne-Regular.ttf */,
			);
			path = Alfa_Slab_One;
			sourceTree = "<group>";
		};
		A499C53A2C05247900F5F371 /* Fira_Sans */ = {
			isa = PBXGroup;
			children = (
				A499C5162C0523D500F5F371 /* FiraSans-Bold.ttf */,
				A499C5212C0523D500F5F371 /* FiraSans-ExtraBold.ttf */,
				A499C51D2C0523D500F5F371 /* FiraSans-ExtraLight.ttf */,
				A499C5222C0523D500F5F371 /* FiraSans-Light.ttf */,
				A499C5252C0523D600F5F371 /* FiraSans-Medium.ttf */,
				A499C5242C0523D600F5F371 /* FiraSans-Regular.ttf */,
				A499C5182C0523D500F5F371 /* FiraSans-SemiBold.ttf */,
				A499C51B2C0523D500F5F371 /* FiraSans-Thin.ttf */,
			);
			path = Fira_Sans;
			sourceTree = "<group>";
		};
		A4A42BBD2C9E06C2000980AD /* Product */ = {
			isa = PBXGroup;
			children = (
				A4A42BBE2C9E0702000980AD /* ProductScreen */,
				A4A42BBF2C9E073A000980AD /* SubViews */,
			);
			path = Product;
			sourceTree = "<group>";
		};
		A4A42BBE2C9E0702000980AD /* ProductScreen */ = {
			isa = PBXGroup;
			children = (
				A4BB21AB2C9C13420013390D /* ProductsView.swift */,
			);
			path = ProductScreen;
			sourceTree = "<group>";
		};
		A4A42BBF2C9E073A000980AD /* SubViews */ = {
			isa = PBXGroup;
			children = (
				A46CFE412C0B90B500BF88DD /* ProductCardView.swift */,
				A46CFE3D2C0B48A700BF88DD /* CategoryListView.swift */,
			);
			path = SubViews;
			sourceTree = "<group>";
		};
		A4A42BC02C9E0850000980AD /* SubViews */ = {
			isa = PBXGroup;
			children = (
				A4BB21B72C9CB8820013390D /* NavBarView.swift */,
			);
			path = SubViews;
			sourceTree = "<group>";
		};
		A4A42BC12C9E08B7000980AD /* HomeScreen */ = {
			isa = PBXGroup;
			children = (
				A46739B92C091D4F00AA4BDE /* HomeView.swift */,
			);
			path = HomeScreen;
			sourceTree = "<group>";
		};
		A4A42BC22C9E0900000980AD /* SubViews */ = {
			isa = PBXGroup;
			children = (
				A45C627E2C164F5E00E7E11F /* ExploreItemView.swift */,
				A45C627A2C163EDF00E7E11F /* ExploreCategoryCell.swift */,
			);
			path = SubViews;
			sourceTree = "<group>";
		};
		A4A42BC32C9E0920000980AD /* ExploreScreen */ = {
			isa = PBXGroup;
			children = (
				A46739BC2C091F4600AA4BDE /* ExploreView.swift */,
			);
			path = ExploreScreen;
			sourceTree = "<group>";
		};
		A4A42BC42C9E09C2000980AD /* Main */ = {
			isa = PBXGroup;
			children = (
				A46642492C0335820025096A /* FoodDeliveryAppApp.swift */,
			);
			path = Main;
			sourceTree = "<group>";
		};
		A4BA40C42C9FDC1200E2EA82 /* Account */ = {
			isa = PBXGroup;
			children = (
				A4BA40C72C9FDD0200E2EA82 /* ProfileScreen */,
				A4BA40D62CA0566A00E2EA82 /* DeliveryAddress */,
				A4BA40D52CA0561F00E2EA82 /* MyInfo */,
				A4BA40D72CA056D600E2EA82 /* Orders */,
			);
			path = Account;
			sourceTree = "<group>";
		};
		A4BA40C52C9FDCE100E2EA82 /* SubViews */ = {
			isa = PBXGroup;
			children = (
				A4BA40D32CA020F500E2EA82 /* AccountRow.swift */,
			);
			path = SubViews;
			sourceTree = "<group>";
		};
		A4BA40C72C9FDD0200E2EA82 /* ProfileScreen */ = {
			isa = PBXGroup;
			children = (
				A4BA40D12CA0192500E2EA82 /* AccountView.swift */,
				A4BA40C52C9FDCE100E2EA82 /* SubViews */,
			);
			path = ProfileScreen;
			sourceTree = "<group>";
		};
		A4BA40C82C9FDD4B00E2EA82 /* FoodScreen */ = {
			isa = PBXGroup;
			children = (
				A46C57222C9F5B72006AD5CB /* ReadyMadeFoodView.swift */,
			);
			path = FoodScreen;
			sourceTree = "<group>";
		};
		A4BA40C92C9FDD6100E2EA82 /* SubViews */ = {
			isa = PBXGroup;
			children = (
			);
			path = SubViews;
			sourceTree = "<group>";
		};
		A4BA40CA2C9FDD7F00E2EA82 /* HealthScreen */ = {
			isa = PBXGroup;
			children = (
				A46C57252C9F5B9A006AD5CB /* HealthView.swift */,
			);
			path = HealthScreen;
			sourceTree = "<group>";
		};
		A4BA40CB2C9FDDA600E2EA82 /* SubViews */ = {
			isa = PBXGroup;
			children = (
			);
			path = SubViews;
			sourceTree = "<group>";
		};
		A4BA40CC2C9FFF6700E2EA82 /* SpecialOffers */ = {
			isa = PBXGroup;
			children = (
				A4BA40CD2C9FFF9600E2EA82 /* SpecialOffersScreen */,
				A4BA40CE2C9FFFDB00E2EA82 /* SubViews */,
			);
			path = SpecialOffers;
			sourceTree = "<group>";
		};
		A4BA40CD2C9FFF9600E2EA82 /* SpecialOffersScreen */ = {
			isa = PBXGroup;
			children = (
				A4BA40CF2CA0001F00E2EA82 /* SpecialOffersView.swift */,
			);
			path = SpecialOffersScreen;
			sourceTree = "<group>";
		};
		A4BA40CE2C9FFFDB00E2EA82 /* SubViews */ = {
			isa = PBXGroup;
			children = (
				A4BB21B52C9CB1490013390D /* ProductRowView.swift */,
				A46CFE3F2C0B6EA700BF88DD /* SectionTitleAll.swift */,
			);
			path = SubViews;
			sourceTree = "<group>";
		};
		A4BA40D52CA0561F00E2EA82 /* MyInfo */ = {
			isa = PBXGroup;
			children = (
			);
			path = MyInfo;
			sourceTree = "<group>";
		};
		A4BA40D62CA0566A00E2EA82 /* DeliveryAddress */ = {
			isa = PBXGroup;
			children = (
				A4E517F12CA1A007007B931B /* DeliveryAddressScreen */,
				A4E517F02CA1A001007B931B /* SubViews */,
			);
			path = DeliveryAddress;
			sourceTree = "<group>";
		};
		A4BA40D72CA056D600E2EA82 /* Orders */ = {
			isa = PBXGroup;
			children = (
			);
			path = Orders;
			sourceTree = "<group>";
		};
		A4E517F02CA1A001007B931B /* SubViews */ = {
			isa = PBXGroup;
			children = (
				A44548D92CA06A3A0077C466 /* AddresRowView.swift */,
				A4E517F22CA1A086007B931B /* AddDeliveryAddressView.swift */,
			);
			path = SubViews;
			sourceTree = "<group>";
		};
		A4E517F12CA1A007007B931B /* DeliveryAddressScreen */ = {
			isa = PBXGroup;
			children = (
				A4BA40D82CA0579300E2EA82 /* DeliveryAddressView.swift */,
			);
			path = DeliveryAddressScreen;
			sourceTree = "<group>";
		};
/* End PBXGroup section */

/* Begin PBXNativeTarget section */
		A46642452C0335820025096A /* FoodDeliveryApp */ = {
			isa = PBXNativeTarget;
			buildConfigurationList = A46642542C0335830025096A /* Build configuration list for PBXNativeTarget "FoodDeliveryApp" */;
			buildPhases = (
				A46642422C0335820025096A /* Sources */,
				A46642432C0335820025096A /* Frameworks */,
				A46642442C0335820025096A /* Resources */,
			);
			buildRules = (
			);
			dependencies = (
			);
			name = FoodDeliveryApp;
			packageProductDependencies = (
				A46D42F72C98A1F1004B5767 /* FirebaseAuth */,
				A46D42F92C98A20F004B5767 /* FirebaseAnalytics */,
				A46D42FB2C98A219004B5767 /* FirebaseAnalyticsSwift */,
				A46D42FD2C98A22B004B5767 /* FirebaseDatabase */,
				A46D42FF2C98A233004B5767 /* FirebaseDatabaseSwift */,
				A46D43012C98A23D004B5767 /* FirebaseFirestore */,
				A46D43032C98A248004B5767 /* FirebaseFirestoreSwift */,
				A46D43052C98A25C004B5767 /* FirebaseStorage */,
			);
			productName = FoodDeliveryApp;
			productReference = A46642462C0335820025096A /* FoodDeliveryApp.app */;
			productType = "com.apple.product-type.application";
		};
/* End PBXNativeTarget section */

/* Begin PBXProject section */
		A466423E2C0335820025096A /* Project object */ = {
			isa = PBXProject;
			attributes = {
				BuildIndependentTargetsInParallel = 1;
				LastSwiftUpdateCheck = 1530;
				LastUpgradeCheck = 1530;
				TargetAttributes = {
					A46642452C0335820025096A = {
						CreatedOnToolsVersion = 15.3;
					};
				};
			};
			buildConfigurationList = A46642412C0335820025096A /* Build configuration list for PBXProject "FoodDeliveryApp" */;
			compatibilityVersion = "Xcode 14.0";
			developmentRegion = en;
			hasScannedForEncodings = 0;
			knownRegions = (
				en,
				Base,
			);
			mainGroup = A466423D2C0335820025096A;
			packageReferences = (
				A4928CFA2C1285F60046FC9B /* XCRemoteSwiftPackageReference "firebase-ios-sdk" */,
			);
			productRefGroup = A46642472C0335820025096A /* Products */;
			projectDirPath = "";
			projectRoot = "";
			targets = (
				A46642452C0335820025096A /* FoodDeliveryApp */,
			);
		};
/* End PBXProject section */

/* Begin PBXResourcesBuildPhase section */
		A46642442C0335820025096A /* Resources */ = {
			isa = PBXResourcesBuildPhase;
			buildActionMask = 2147483647;
			files = (
				A499C5112C0520CA00F5F371 /* AlfaSlabOne-Regular.ttf in Resources */,
				A499C5302C0523D600F5F371 /* FiraSans-ExtraLight.ttf in Resources */,
				A46642512C0335830025096A /* Preview Assets.xcassets in Resources */,
				A499C5352C0523D600F5F371 /* FiraSans-Light.ttf in Resources */,
				A499C5342C0523D600F5F371 /* FiraSans-ExtraBold.ttf in Resources */,
				A45CAEFE2C0C9D830076A99C /* GoogleService-Info.plist in Resources */,
				A499C52B2C0523D600F5F371 /* FiraSans-SemiBold.ttf in Resources */,
				A499C52E2C0523D600F5F371 /* FiraSans-Thin.ttf in Resources */,
				A499C5372C0523D600F5F371 /* FiraSans-Regular.ttf in Resources */,
				A499C5292C0523D600F5F371 /* FiraSans-Bold.ttf in Resources */,
				A499C5382C0523D600F5F371 /* FiraSans-Medium.ttf in Resources */,
				A466424E2C0335830025096A /* Assets.xcassets in Resources */,
			);
			runOnlyForDeploymentPostprocessing = 0;
		};
/* End PBXResourcesBuildPhase section */

/* Begin PBXSourcesBuildPhase section */
		A46642422C0335820025096A /* Sources */ = {
			isa = PBXSourcesBuildPhase;
			buildActionMask = 2147483647;
			files = (
				A47638612C1872C300763BE9 /* Notification.swift in Sources */,
				A46739BA2C091D4F00AA4BDE /* HomeView.swift in Sources */,
				A45168B12C99BFB10036D44B /* CodeView.swift in Sources */,
				A48E7ED52CA308D900C6D037 /* RememberStye.swift in Sources */,
				A45C627F2C164F5E00E7E11F /* ExploreItemView.swift in Sources */,
				A45C62722C15E74200E7E11F /* FavoriteView.swift in Sources */,
				A46D91722C11A8F90019A335 /* AuthService.swift in Sources */,
				A4BB21AE2C9C40D70013390D /* isFavoriteButton.swift in Sources */,
				A460CBAE2C0FE43D00CFD249 /* CartButtont.swift in Sources */,
				A46D91742C11CE690019A335 /* APIClient.swift in Sources */,
				A4BA40D92CA0579300E2EA82 /* DeliveryAddressView.swift in Sources */,
				A46D91762C11E1130019A335 /* Globals.swift in Sources */,
				A45C627D2C164C3900E7E11F /* ExploreItemsViewModel.swift in Sources */,
				A45168AD2C99A19E0036D44B /* SocialButtonView.swift in Sources */,
				A499C50E2C03C7B500F5F371 /* SignInView.swift in Sources */,
				A45C62702C15D7F300E7E11F /* ServiceCall.swift in Sources */,
				A47638632C1872ED00763BE9 /* OrderItem.swift in Sources */,
				A47638652C18731000763BE9 /* Payment.swift in Sources */,
				A45C62832C17560100E7E11F /* MockData.swift in Sources */,
				A4BB21B82C9CB8820013390D /* NavBarView.swift in Sources */,
				A45168AF2C99AE820036D44B /* BackgroundViewGradient.swift in Sources */,
				A464CAA92C2460A50078D222 /* MyOrderDetailViewModel.swift in Sources */,
				A46739B22C09192D00AA4BDE /* HomeViewModel.swift in Sources */,
				A46739B72C091AB800AA4BDE /* MainTabView.swift in Sources */,
				A4BB21B62C9CB1490013390D /* ProductRowView.swift in Sources */,
				A46D430C2C98B21C004B5767 /* Extension+Date.swift in Sources */,
				A4BA40D22CA0192500E2EA82 /* AccountView.swift in Sources */,
				A46C57262C9F5B9A006AD5CB /* HealthView.swift in Sources */,
				A4BA40D02CA0001F00E2EA82 /* SpecialOffersView.swift in Sources */,
				A46739BD2C091F4600AA4BDE /* ExploreView.swift in Sources */,
				A4E517F32CA1A086007B931B /* AddDeliveryAddressView.swift in Sources */,
				A45168B32C99D6750036D44B /* CustomButton.swift in Sources */,
				A46D43082C98B0DA004B5767 /* Extension+Font.swift in Sources */,
				A45CAEFC2C0C6DC40076A99C /* User.swift in Sources */,
				A464CAA72C2455FB0078D222 /* MyOrderViewModel.swift in Sources */,
				A4BB21B02C9C45D30013390D /* AddToCartButton.swift in Sources */,
				A466425E2C03501A0025096A /* WelcomeView.swift in Sources */,
				A476385F2C18729100763BE9 /* MyOrder.swift in Sources */,
				A45168B52C99E2090036D44B /* BackButton.swift in Sources */,
				A462E5D32C201DD60078B7EA /* UserAuthViewModel.swift in Sources */,
				A46CFE402C0B6EA700BF88DD /* SectionTitleAll.swift in Sources */,
				A45168A72C998B9E0036D44B /* TopinfoView.swift in Sources */,
				A4F4A8272C111E9200EBC384 /* SignInViewModel.swift in Sources */,
				A462E5D92C2179900078B7EA /* Utils.swift in Sources */,
				A4BA40D42CA020F500E2EA82 /* AccountRow.swift in Sources */,
				A46CFE3E2C0B48A700BF88DD /* CategoryListView.swift in Sources */,
				A45A89952C0E56540015A0A4 /* Nutrition.swift in Sources */,
				A45C627B2C163EDF00E7E11F /* ExploreCategoryCell.swift in Sources */,
				A4BB21AC2C9C13420013390D /* ProductsView.swift in Sources */,
				A46D430A2C98B174004B5767 /* Extension+Color.swift in Sources */,
				A45168B72C9A1E680036D44B /* TabBarView.swift in Sources */,
				A4E517F72CA1F115007B931B /* SaveButton.swift in Sources */,
				A44D35E82C9B7CE0007BD140 /* CardImageView.swift in Sources */,
				A48E7EDB2CA33DFC00C6D037 /* ForgotPasswordView.swift in Sources */,
				A47638692C18736200763BE9 /* PromoCode.swift in Sources */,
				A476385D2C18725400763BE9 /* Address.swift in Sources */,
				A45CE2892C0A6BC00084FD80 /* SearchTextFild.swift in Sources */,
				A44548DA2CA06A3A0077C466 /* AddresRowView.swift in Sources */,
				A45C62762C161E1B00E7E11F /* ExploreViewModel.swift in Sources */,
				A46798552C145B220015F8DC /* VerificationView.swift in Sources */,
				A45A89912C0E46170015A0A4 /* ProductDetailView.swift in Sources */,
				A48E7ED92CA3355B00C6D037 /* SignUpView.swift in Sources */,
				A48E7ED32CA2E1E100C6D037 /* PasswordTF.swift in Sources */,
				A46CFE422C0B90B500BF88DD /* ProductCardView.swift in Sources */,
				A46C57162C9F428D006AD5CB /* ConfirmOrderButton.swift in Sources */,
				A466424A2C0335820025096A /* FoodDeliveryAppApp.swift in Sources */,
				A46C57182C9F435E006AD5CB /* CustomRemoteControlButton.swift in Sources */,
				A462E5D52C202D030078B7EA /* CartViewModel.swift in Sources */,
				A45A898B2C0DE0FF0015A0A4 /* Product.swift in Sources */,
				A45C62792C1624D400E7E11F /* ExploreCategory.swift in Sources */,
				A46C57202C9F4687006AD5CB /* CartView.swift in Sources */,
				A44D35EA2C9B840B007BD140 /* MockDataClass.swift in Sources */,
				A46C571A2C9F43AF006AD5CB /* DeleteButton.swift in Sources */,
				A45C62742C15E91A00E7E11F /* FavoriteViewModel.swift in Sources */,
				A4BB21B22C9C4BB30013390D /* CustomRegulatorButton.swift in Sources */,
				A45C62812C17277E00E7E11F /* CartItem.swift in Sources */,
				A48E7ED72CA316D000C6D037 /* OrView.swift in Sources */,
				A45A89972C0E58250015A0A4 /* ImageModel.swift in Sources */,
				A45A898D2C0DEF0B0015A0A4 /* Extension+String.swift in Sources */,
				A4BB21B42C9C4E110013390D /* Extention+Text.swift in Sources */,
				A45168A92C9998670036D44B /* InfoTFView.swift in Sources */,
				A46C571C2C9F4480006AD5CB /* CartRowView.swift in Sources */,
				A45A898F2C0E33160015A0A4 /* TypeModel.swift in Sources */,
				A45A89932C0E54B30015A0A4 /* ProductDetailViewModel.swift in Sources */,
				A46C57232C9F5B72006AD5CB /* ReadyMadeFoodView.swift in Sources */,
				A4E517F52CA1EC95007B931B /* DownButton.swift in Sources */,
				A46642602C037D5E0025096A /* Extension+CGFloat.swift in Sources */,
				A462E5D72C20444E0078B7EA /* DeliveryAddressViewModel.swift in Sources */,
				A46C571E2C9F460B006AD5CB /* RemoteCartRowView.swift in Sources */,
			);
			runOnlyForDeploymentPostprocessing = 0;
		};
/* End PBXSourcesBuildPhase section */

/* Begin XCBuildConfiguration section */
		A46642522C0335830025096A /* Debug */ = {
			isa = XCBuildConfiguration;
			buildSettings = {
				ALWAYS_SEARCH_USER_PATHS = NO;
				ASSETCATALOG_COMPILER_GENERATE_SWIFT_ASSET_SYMBOL_EXTENSIONS = YES;
				CLANG_ANALYZER_NONNULL = YES;
				CLANG_ANALYZER_NUMBER_OBJECT_CONVERSION = YES_AGGRESSIVE;
				CLANG_CXX_LANGUAGE_STANDARD = "gnu++20";
				CLANG_ENABLE_MODULES = YES;
				CLANG_ENABLE_OBJC_ARC = YES;
				CLANG_ENABLE_OBJC_WEAK = YES;
				CLANG_WARN_BLOCK_CAPTURE_AUTORELEASING = YES;
				CLANG_WARN_BOOL_CONVERSION = YES;
				CLANG_WARN_COMMA = YES;
				CLANG_WARN_CONSTANT_CONVERSION = YES;
				CLANG_WARN_DEPRECATED_OBJC_IMPLEMENTATIONS = YES;
				CLANG_WARN_DIRECT_OBJC_ISA_USAGE = YES_ERROR;
				CLANG_WARN_DOCUMENTATION_COMMENTS = YES;
				CLANG_WARN_EMPTY_BODY = YES;
				CLANG_WARN_ENUM_CONVERSION = YES;
				CLANG_WARN_INFINITE_RECURSION = YES;
				CLANG_WARN_INT_CONVERSION = YES;
				CLANG_WARN_NON_LITERAL_NULL_CONVERSION = YES;
				CLANG_WARN_OBJC_IMPLICIT_RETAIN_SELF = YES;
				CLANG_WARN_OBJC_LITERAL_CONVERSION = YES;
				CLANG_WARN_OBJC_ROOT_CLASS = YES_ERROR;
				CLANG_WARN_QUOTED_INCLUDE_IN_FRAMEWORK_HEADER = YES;
				CLANG_WARN_RANGE_LOOP_ANALYSIS = YES;
				CLANG_WARN_STRICT_PROTOTYPES = YES;
				CLANG_WARN_SUSPICIOUS_MOVE = YES;
				CLANG_WARN_UNGUARDED_AVAILABILITY = YES_AGGRESSIVE;
				CLANG_WARN_UNREACHABLE_CODE = YES;
				CLANG_WARN__DUPLICATE_METHOD_MATCH = YES;
				COPY_PHASE_STRIP = NO;
				DEBUG_INFORMATION_FORMAT = dwarf;
				ENABLE_STRICT_OBJC_MSGSEND = YES;
				ENABLE_TESTABILITY = YES;
				ENABLE_USER_SCRIPT_SANDBOXING = YES;
				GCC_C_LANGUAGE_STANDARD = gnu17;
				GCC_DYNAMIC_NO_PIC = NO;
				GCC_NO_COMMON_BLOCKS = YES;
				GCC_OPTIMIZATION_LEVEL = 0;
				GCC_PREPROCESSOR_DEFINITIONS = (
					"DEBUG=1",
					"$(inherited)",
				);
				GCC_WARN_64_TO_32_BIT_CONVERSION = YES;
				GCC_WARN_ABOUT_RETURN_TYPE = YES_ERROR;
				GCC_WARN_UNDECLARED_SELECTOR = YES;
				GCC_WARN_UNINITIALIZED_AUTOS = YES_AGGRESSIVE;
				GCC_WARN_UNUSED_FUNCTION = YES;
				GCC_WARN_UNUSED_VARIABLE = YES;
				IPHONEOS_DEPLOYMENT_TARGET = 17.4;
				LOCALIZATION_PREFERS_STRING_CATALOGS = YES;
				MTL_ENABLE_DEBUG_INFO = INCLUDE_SOURCE;
				MTL_FAST_MATH = YES;
				ONLY_ACTIVE_ARCH = YES;
				SDKROOT = iphoneos;
				SWIFT_ACTIVE_COMPILATION_CONDITIONS = "DEBUG $(inherited)";
				SWIFT_OPTIMIZATION_LEVEL = "-Onone";
			};
			name = Debug;
		};
		A46642532C0335830025096A /* Release */ = {
			isa = XCBuildConfiguration;
			buildSettings = {
				ALWAYS_SEARCH_USER_PATHS = NO;
				ASSETCATALOG_COMPILER_GENERATE_SWIFT_ASSET_SYMBOL_EXTENSIONS = YES;
				CLANG_ANALYZER_NONNULL = YES;
				CLANG_ANALYZER_NUMBER_OBJECT_CONVERSION = YES_AGGRESSIVE;
				CLANG_CXX_LANGUAGE_STANDARD = "gnu++20";
				CLANG_ENABLE_MODULES = YES;
				CLANG_ENABLE_OBJC_ARC = YES;
				CLANG_ENABLE_OBJC_WEAK = YES;
				CLANG_WARN_BLOCK_CAPTURE_AUTORELEASING = YES;
				CLANG_WARN_BOOL_CONVERSION = YES;
				CLANG_WARN_COMMA = YES;
				CLANG_WARN_CONSTANT_CONVERSION = YES;
				CLANG_WARN_DEPRECATED_OBJC_IMPLEMENTATIONS = YES;
				CLANG_WARN_DIRECT_OBJC_ISA_USAGE = YES_ERROR;
				CLANG_WARN_DOCUMENTATION_COMMENTS = YES;
				CLANG_WARN_EMPTY_BODY = YES;
				CLANG_WARN_ENUM_CONVERSION = YES;
				CLANG_WARN_INFINITE_RECURSION = YES;
				CLANG_WARN_INT_CONVERSION = YES;
				CLANG_WARN_NON_LITERAL_NULL_CONVERSION = YES;
				CLANG_WARN_OBJC_IMPLICIT_RETAIN_SELF = YES;
				CLANG_WARN_OBJC_LITERAL_CONVERSION = YES;
				CLANG_WARN_OBJC_ROOT_CLASS = YES_ERROR;
				CLANG_WARN_QUOTED_INCLUDE_IN_FRAMEWORK_HEADER = YES;
				CLANG_WARN_RANGE_LOOP_ANALYSIS = YES;
				CLANG_WARN_STRICT_PROTOTYPES = YES;
				CLANG_WARN_SUSPICIOUS_MOVE = YES;
				CLANG_WARN_UNGUARDED_AVAILABILITY = YES_AGGRESSIVE;
				CLANG_WARN_UNREACHABLE_CODE = YES;
				CLANG_WARN__DUPLICATE_METHOD_MATCH = YES;
				COPY_PHASE_STRIP = NO;
				DEBUG_INFORMATION_FORMAT = "dwarf-with-dsym";
				ENABLE_NS_ASSERTIONS = NO;
				ENABLE_STRICT_OBJC_MSGSEND = YES;
				ENABLE_USER_SCRIPT_SANDBOXING = YES;
				GCC_C_LANGUAGE_STANDARD = gnu17;
				GCC_NO_COMMON_BLOCKS = YES;
				GCC_WARN_64_TO_32_BIT_CONVERSION = YES;
				GCC_WARN_ABOUT_RETURN_TYPE = YES_ERROR;
				GCC_WARN_UNDECLARED_SELECTOR = YES;
				GCC_WARN_UNINITIALIZED_AUTOS = YES_AGGRESSIVE;
				GCC_WARN_UNUSED_FUNCTION = YES;
				GCC_WARN_UNUSED_VARIABLE = YES;
				IPHONEOS_DEPLOYMENT_TARGET = 17.4;
				LOCALIZATION_PREFERS_STRING_CATALOGS = YES;
				MTL_ENABLE_DEBUG_INFO = NO;
				MTL_FAST_MATH = YES;
				SDKROOT = iphoneos;
				SWIFT_COMPILATION_MODE = wholemodule;
				VALIDATE_PRODUCT = YES;
			};
			name = Release;
		};
		A46642552C0335830025096A /* Debug */ = {
			isa = XCBuildConfiguration;
			buildSettings = {
				ASSETCATALOG_COMPILER_APPICON_NAME = AppIcon;
				ASSETCATALOG_COMPILER_GLOBAL_ACCENT_COLOR_NAME = AccentColor;
				CODE_SIGN_STYLE = Automatic;
				CURRENT_PROJECT_VERSION = 1;
				DEVELOPMENT_ASSET_PATHS = "\"FoodDeliveryApp/Preview Content\"";
				DEVELOPMENT_TEAM = A8925CH8U9;
				ENABLE_PREVIEWS = YES;
				GENERATE_INFOPLIST_FILE = YES;
				INFOPLIST_FILE = FoodDeliveryApp/Info.plist;
				INFOPLIST_KEY_UIApplicationSceneManifest_Generation = YES;
				INFOPLIST_KEY_UIApplicationSupportsIndirectInputEvents = YES;
				INFOPLIST_KEY_UILaunchScreen_Generation = YES;
				INFOPLIST_KEY_UISupportedInterfaceOrientations = UIInterfaceOrientationPortrait;
				INFOPLIST_KEY_UISupportedInterfaceOrientations_iPad = "UIInterfaceOrientationLandscapeLeft UIInterfaceOrientationLandscapeRight UIInterfaceOrientationPortrait UIInterfaceOrientationPortraitUpsideDown";
				IPHONEOS_DEPLOYMENT_TARGET = 16.0;
				LD_RUNPATH_SEARCH_PATHS = (
					"$(inherited)",
					"@executable_path/Frameworks",
				);
				MARKETING_VERSION = 1.0;
				PRODUCT_BUNDLE_IDENTIFIER = SafievKhusrav.FoodDeliveryApp;
				PRODUCT_NAME = "$(TARGET_NAME)";
				SUPPORTED_PLATFORMS = "iphoneos iphonesimulator";
				SUPPORTS_MACCATALYST = NO;
				SUPPORTS_MAC_DESIGNED_FOR_IPHONE_IPAD = NO;
				SUPPORTS_XR_DESIGNED_FOR_IPHONE_IPAD = NO;
				SWIFT_EMIT_LOC_STRINGS = YES;
				SWIFT_VERSION = 5.0;
				TARGETED_DEVICE_FAMILY = 1;
			};
			name = Debug;
		};
		A46642562C0335830025096A /* Release */ = {
			isa = XCBuildConfiguration;
			buildSettings = {
				ASSETCATALOG_COMPILER_APPICON_NAME = AppIcon;
				ASSETCATALOG_COMPILER_GLOBAL_ACCENT_COLOR_NAME = AccentColor;
				CODE_SIGN_STYLE = Automatic;
				CURRENT_PROJECT_VERSION = 1;
				DEVELOPMENT_ASSET_PATHS = "\"FoodDeliveryApp/Preview Content\"";
				DEVELOPMENT_TEAM = A8925CH8U9;
				ENABLE_PREVIEWS = YES;
				GENERATE_INFOPLIST_FILE = YES;
				INFOPLIST_FILE = FoodDeliveryApp/Info.plist;
				INFOPLIST_KEY_UIApplicationSceneManifest_Generation = YES;
				INFOPLIST_KEY_UIApplicationSupportsIndirectInputEvents = YES;
				INFOPLIST_KEY_UILaunchScreen_Generation = YES;
				INFOPLIST_KEY_UISupportedInterfaceOrientations = UIInterfaceOrientationPortrait;
				INFOPLIST_KEY_UISupportedInterfaceOrientations_iPad = "UIInterfaceOrientationLandscapeLeft UIInterfaceOrientationLandscapeRight UIInterfaceOrientationPortrait UIInterfaceOrientationPortraitUpsideDown";
				IPHONEOS_DEPLOYMENT_TARGET = 16.0;
				LD_RUNPATH_SEARCH_PATHS = (
					"$(inherited)",
					"@executable_path/Frameworks",
				);
				MARKETING_VERSION = 1.0;
				PRODUCT_BUNDLE_IDENTIFIER = SafievKhusrav.FoodDeliveryApp;
				PRODUCT_NAME = "$(TARGET_NAME)";
				SUPPORTED_PLATFORMS = "iphoneos iphonesimulator";
				SUPPORTS_MACCATALYST = NO;
				SUPPORTS_MAC_DESIGNED_FOR_IPHONE_IPAD = NO;
				SUPPORTS_XR_DESIGNED_FOR_IPHONE_IPAD = NO;
				SWIFT_EMIT_LOC_STRINGS = YES;
				SWIFT_VERSION = 5.0;
				TARGETED_DEVICE_FAMILY = 1;
			};
			name = Release;
		};
/* End XCBuildConfiguration section */

/* Begin XCConfigurationList section */
		A46642412C0335820025096A /* Build configuration list for PBXProject "FoodDeliveryApp" */ = {
			isa = XCConfigurationList;
			buildConfigurations = (
				A46642522C0335830025096A /* Debug */,
				A46642532C0335830025096A /* Release */,
			);
			defaultConfigurationIsVisible = 0;
			defaultConfigurationName = Release;
		};
		A46642542C0335830025096A /* Build configuration list for PBXNativeTarget "FoodDeliveryApp" */ = {
			isa = XCConfigurationList;
			buildConfigurations = (
				A46642552C0335830025096A /* Debug */,
				A46642562C0335830025096A /* Release */,
			);
			defaultConfigurationIsVisible = 0;
			defaultConfigurationName = Release;
		};
/* End XCConfigurationList section */

/* Begin XCRemoteSwiftPackageReference section */
		A4928CFA2C1285F60046FC9B /* XCRemoteSwiftPackageReference "firebase-ios-sdk" */ = {
			isa = XCRemoteSwiftPackageReference;
			repositoryURL = "https://github.com/firebase/firebase-ios-sdk";
			requirement = {
				kind = upToNextMajorVersion;
				minimumVersion = 10.27.0;
			};
		};
/* End XCRemoteSwiftPackageReference section */

/* Begin XCSwiftPackageProductDependency section */
		A46D42F72C98A1F1004B5767 /* FirebaseAuth */ = {
			isa = XCSwiftPackageProductDependency;
			package = A4928CFA2C1285F60046FC9B /* XCRemoteSwiftPackageReference "firebase-ios-sdk" */;
			productName = FirebaseAuth;
		};
		A46D42F92C98A20F004B5767 /* FirebaseAnalytics */ = {
			isa = XCSwiftPackageProductDependency;
			package = A4928CFA2C1285F60046FC9B /* XCRemoteSwiftPackageReference "firebase-ios-sdk" */;
			productName = FirebaseAnalytics;
		};
		A46D42FB2C98A219004B5767 /* FirebaseAnalyticsSwift */ = {
			isa = XCSwiftPackageProductDependency;
			package = A4928CFA2C1285F60046FC9B /* XCRemoteSwiftPackageReference "firebase-ios-sdk" */;
			productName = FirebaseAnalyticsSwift;
		};
		A46D42FD2C98A22B004B5767 /* FirebaseDatabase */ = {
			isa = XCSwiftPackageProductDependency;
			package = A4928CFA2C1285F60046FC9B /* XCRemoteSwiftPackageReference "firebase-ios-sdk" */;
			productName = FirebaseDatabase;
		};
		A46D42FF2C98A233004B5767 /* FirebaseDatabaseSwift */ = {
			isa = XCSwiftPackageProductDependency;
			package = A4928CFA2C1285F60046FC9B /* XCRemoteSwiftPackageReference "firebase-ios-sdk" */;
			productName = FirebaseDatabaseSwift;
		};
		A46D43012C98A23D004B5767 /* FirebaseFirestore */ = {
			isa = XCSwiftPackageProductDependency;
			package = A4928CFA2C1285F60046FC9B /* XCRemoteSwiftPackageReference "firebase-ios-sdk" */;
			productName = FirebaseFirestore;
		};
		A46D43032C98A248004B5767 /* FirebaseFirestoreSwift */ = {
			isa = XCSwiftPackageProductDependency;
			package = A4928CFA2C1285F60046FC9B /* XCRemoteSwiftPackageReference "firebase-ios-sdk" */;
			productName = FirebaseFirestoreSwift;
		};
		A46D43052C98A25C004B5767 /* FirebaseStorage */ = {
			isa = XCSwiftPackageProductDependency;
			package = A4928CFA2C1285F60046FC9B /* XCRemoteSwiftPackageReference "firebase-ios-sdk" */;
			productName = FirebaseStorage;
		};
/* End XCSwiftPackageProductDependency section */
	};
	rootObject = A466423E2C0335820025096A /* Project object */;
}
